
Microsoft Visual Studio Solution File, Format Version 9.00
# Visual Studio 2005
Project("{FAE04EC0-301F-11D3-BF4B-00C04F79EFBC}") = "ColorPickerSampleApplication", "ColorPickerSampleApplication.csproj", "{1091F084-417B-42A8-A590-4F5F011ED1A0}"
EndProject
Project("{FAE04EC0-301F-11D3-BF4B-00C04F79EFBC}") = "ColorPicker", "..\ColorPickerLib\ColorPicker.csproj", "{99E90579-62FC-4898-B168-24F7DBD3A34D}"
EndProject
Global
	GlobalSection(SolutionConfigurationPlatforms) = preSolution
		Debug|Any CPU = Debug|Any CPU
		Release|Any CPU = Release|Any CPU
	EndGlobalSection
	GlobalSection(ProjectConfigurationPlatforms) = postSolution
		{1091F084-417B-42A8-A590-4F5F011ED1A0}.Debug|Any CPU.ActiveCfg = Debug|Any CPU
		{1091F084-417B-42A8-A590-4F5F011ED1A0}.Debug|Any CPU.Build.0 = Debug|Any CPU
		{1091F084-417B-42A8-A590-4F5F011ED1A0}.Release|Any CPU.ActiveCfg = Release|Any CPU
		{1091F084-417B-42A8-A590-4F5F011ED1A0}.Release|Any CPU.Build.0 = Release|Any CPU
		{99E90579-62FC-4898-B168-24F7DBD3A34D}.Debug|Any CPU.ActiveCfg = Release|Any CPU
		{99E90579-62FC-4898-B168-24F7DBD3A34D}.Debug|Any CPU.Build.0 = Release|Any CPU
		{99E90579-62FC-4898-B168-24F7DBD3A34D}.Release|Any CPU.ActiveCfg = Release|Any CPU
		{99E90579-62FC-4898-B168-24F7DBD3A34D}.Release|Any CPU.Build.0 = Release|Any CPU
	EndGlobalSection
	GlobalSection(SolutionProperties) = preSolution
		HideSolutionNode = FALSE
	EndGlobalSection
EndGlobal
