
Microsoft Visual Studio Solution File, Format Version 11.00
# Visual Studio 2010
Project("{FAE04EC0-301F-11D3-BF4B-00C04F79EFBC}") = "Tutorial1 - Hello World", "Tutorial1\Tutorial1 - Hello World.csproj", "{7BE9E187-3FC4-49D2-A322-F4651C3AE256}"
EndProject
Project("{FAE04EC0-301F-11D3-BF4B-00C04F79EFBC}") = "Tutorial2 - Menus and Toolbars", "Tutorial2\Tutorial2 - Menus and Toolbars.csproj", "{0844A0AD-778A-4DB3-8332-03AC50A17D05}"
EndProject
Project("{FAE04EC0-301F-11D3-BF4B-00C04F79EFBC}") = "Tutorial3 - Table Layout", "Tutorial3\Tutorial3 - Table Layout.csproj", "{D51732E0-1E93-11E3-8224-0800200C9A66}"
EndProject
Project("{2150E333-8FDC-42A3-9474-1A3956D46DE8}") = "Solution Items", "Solution Items", "{C04A57E0-87F4-4238-95C4-CA238FCC4F46}"
	ProjectSection(SolutionItems) = preProject
		buildapp.cmd = buildapp.cmd
		buildapp.sh = buildapp.sh
		README.md = README.md
	EndProjectSection
EndProject
Project("{FAE04EC0-301F-11D3-BF4B-00C04F79EFBC}") = "Tutorial4 - Binding", "Tutorial4\Tutorial4 - Binding.csproj", "{DDC8A290-2F20-11E4-8C21-0800200C9A66}"
EndProject
Project("{2150E333-8FDC-42A3-9474-1A3956D46DE8}") = "Eto", "Eto", "{0F05CD72-9208-4040-A37B-4989D5AC9A05}"
EndProject
Project("{FAE04EC0-301F-11D3-BF4B-00C04F79EFBC}") = "Eto", "..\Source\Eto\Eto.csproj", "{16289D2F-044C-49EF-83E9-9391AFF8FD2B}"
EndProject
Project("{FAE04EC0-301F-11D3-BF4B-00C04F79EFBC}") = "Eto.Gtk2", "..\Source\Eto.Gtk\Eto.Gtk2.csproj", "{1FF7BE58-A6A2-4132-8CAF-AA2EF18122A1}"
EndProject
Project("{FAE04EC0-301F-11D3-BF4B-00C04F79EFBC}") = "Eto.Mac", "..\Source\Eto.Mac\Eto.Mac.csproj", "{9DD10DFF-5AB3-4E66-B798-CA17911A61E4}"
EndProject
Project("{FAE04EC0-301F-11D3-BF4B-00C04F79EFBC}") = "Eto.WinForms", "..\Source\Eto.WinForms\Eto.WinForms.csproj", "{69D38C57-AD4B-4A16-A7B1-49BCFBE71491}"
EndProject
Global
	GlobalSection(SolutionConfigurationPlatforms) = preSolution
		Debug|x86 = Debug|x86
		Release|x86 = Release|x86
	EndGlobalSection
	GlobalSection(ProjectConfigurationPlatforms) = postSolution
		{0844A0AD-778A-4DB3-8332-03AC50A17D05}.Debug|x86.ActiveCfg = Debug|x86
		{0844A0AD-778A-4DB3-8332-03AC50A17D05}.Debug|x86.Build.0 = Debug|x86
		{0844A0AD-778A-4DB3-8332-03AC50A17D05}.Release|x86.ActiveCfg = Release|x86
		{0844A0AD-778A-4DB3-8332-03AC50A17D05}.Release|x86.Build.0 = Release|x86
		{16289D2F-044C-49EF-83E9-9391AFF8FD2B}.Debug|x86.ActiveCfg = Debug|Any CPU
		{16289D2F-044C-49EF-83E9-9391AFF8FD2B}.Debug|x86.Build.0 = Debug|Any CPU
		{16289D2F-044C-49EF-83E9-9391AFF8FD2B}.Release|x86.ActiveCfg = Release|Any CPU
		{16289D2F-044C-49EF-83E9-9391AFF8FD2B}.Release|x86.Build.0 = Release|Any CPU
		{1FF7BE58-A6A2-4132-8CAF-AA2EF18122A1}.Debug|x86.ActiveCfg = Debug|Any CPU
		{1FF7BE58-A6A2-4132-8CAF-AA2EF18122A1}.Debug|x86.Build.0 = Debug|Any CPU
		{1FF7BE58-A6A2-4132-8CAF-AA2EF18122A1}.Release|x86.ActiveCfg = Release|Any CPU
		{1FF7BE58-A6A2-4132-8CAF-AA2EF18122A1}.Release|x86.Build.0 = Release|Any CPU
		{69D38C57-AD4B-4A16-A7B1-49BCFBE71491}.Debug|x86.ActiveCfg = Debug|Any CPU
		{69D38C57-AD4B-4A16-A7B1-49BCFBE71491}.Debug|x86.Build.0 = Debug|Any CPU
		{69D38C57-AD4B-4A16-A7B1-49BCFBE71491}.Release|x86.ActiveCfg = Release|Any CPU
		{69D38C57-AD4B-4A16-A7B1-49BCFBE71491}.Release|x86.Build.0 = Release|Any CPU
		{7BE9E187-3FC4-49D2-A322-F4651C3AE256}.Debug|x86.ActiveCfg = Debug|x86
		{7BE9E187-3FC4-49D2-A322-F4651C3AE256}.Debug|x86.Build.0 = Debug|x86
		{7BE9E187-3FC4-49D2-A322-F4651C3AE256}.Release|x86.ActiveCfg = Release|x86
		{7BE9E187-3FC4-49D2-A322-F4651C3AE256}.Release|x86.Build.0 = Release|x86
		{9DD10DFF-5AB3-4E66-B798-CA17911A61E4}.Debug|x86.ActiveCfg = Debug|Any CPU
		{9DD10DFF-5AB3-4E66-B798-CA17911A61E4}.Debug|x86.Build.0 = Debug|Any CPU
		{9DD10DFF-5AB3-4E66-B798-CA17911A61E4}.Release|x86.ActiveCfg = Release|Any CPU
		{9DD10DFF-5AB3-4E66-B798-CA17911A61E4}.Release|x86.Build.0 = Release|Any CPU
		{D51732E0-1E93-11E3-8224-0800200C9A66}.Debug|x86.ActiveCfg = Debug|x86
		{D51732E0-1E93-11E3-8224-0800200C9A66}.Debug|x86.Build.0 = Debug|x86
		{D51732E0-1E93-11E3-8224-0800200C9A66}.Release|x86.ActiveCfg = Release|x86
		{D51732E0-1E93-11E3-8224-0800200C9A66}.Release|x86.Build.0 = Release|x86
		{DDC8A290-2F20-11E4-8C21-0800200C9A66}.Debug|x86.ActiveCfg = Debug|x86
		{DDC8A290-2F20-11E4-8C21-0800200C9A66}.Debug|x86.Build.0 = Debug|x86
		{DDC8A290-2F20-11E4-8C21-0800200C9A66}.Release|x86.ActiveCfg = Release|x86
		{DDC8A290-2F20-11E4-8C21-0800200C9A66}.Release|x86.Build.0 = Release|x86
	EndGlobalSection
	GlobalSection(NestedProjects) = preSolution
		{16289D2F-044C-49EF-83E9-9391AFF8FD2B} = {0F05CD72-9208-4040-A37B-4989D5AC9A05}
		{1FF7BE58-A6A2-4132-8CAF-AA2EF18122A1} = {0F05CD72-9208-4040-A37B-4989D5AC9A05}
		{9DD10DFF-5AB3-4E66-B798-CA17911A61E4} = {0F05CD72-9208-4040-A37B-4989D5AC9A05}
		{69D38C57-AD4B-4A16-A7B1-49BCFBE71491} = {0F05CD72-9208-4040-A37B-4989D5AC9A05}
	EndGlobalSection
	GlobalSection(MonoDevelopProperties) = preSolution
		StartupItem = Tutorial4\Tutorial4 - Binding.csproj
	EndGlobalSection
	GlobalSection(SolutionProperties) = preSolution
		HideSolutionNode = FALSE
	EndGlobalSection
EndGlobal
