
Microsoft Visual Studio Solution File, Format Version 12.00
# Visual Studio 2012
Project("{FAE04EC0-301F-11D3-BF4B-00C04F79EFBC}") = "Eto.Addin.Shared", "Eto.Addin.Shared.csproj", "{EE6AD588-50FE-4C4B-BBFE-AB1C2B120DE0}"
EndProject
Global
	GlobalSection(SolutionConfigurationPlatforms) = preSolution
		Debug|Any CPU = Debug|Any CPU
		Release|Any CPU = Release|Any CPU
	EndGlobalSection
	GlobalSection(ProjectConfigurationPlatforms) = postSolution
		{EE6AD588-50FE-4C4B-BBFE-AB1C2B120DE0}.Debug|Any CPU.ActiveCfg = Debug|Any CPU
		{EE6AD588-50FE-4C4B-BBFE-AB1C2B120DE0}.Debug|Any CPU.Build.0 = Debug|Any CPU
		{EE6AD588-50FE-4C4B-BBFE-AB1C2B120DE0}.Release|Any CPU.ActiveCfg = Release|Any CPU
		{EE6AD588-50FE-4C4B-BBFE-AB1C2B120DE0}.Release|Any CPU.Build.0 = Release|Any CPU
	EndGlobalSection
EndGlobal
