Microsoft Visual Studio Solution File, Format Version 12.00
# Visual Studio 15
VisualStudioVersion = 15.0.27130.2026
MinimumVisualStudioVersion = 10.0.40219.1
Project("{FAE04EC0-301F-11D3-BF4B-00C04F79EFBC}") = "EtoApp.1", "EtoApp.1\EtoApp.1.csproj", "{4A7EEA91-18CE-4C33-8501-76049670866D}"
EndProject
#if Combined
Project("{FAE04EC0-301F-11D3-BF4B-00C04F79EFBC}") = "EtoApp.1.Desktop", "EtoApp.1.Desktop\EtoApp.1.Desktop.csproj", "{90FC5409-708A-49CC-A80E-2C109E168CB8}"
EndProject
#else
Project("{FAE04EC0-301F-11D3-BF4B-00C04F79EFBC}") = "EtoApp.1.Gtk", "EtoApp.1.Gtk\EtoApp.1.Gtk.csproj", "{F83FE9CE-ACEC-44E7-8C9E-05362F50684E}"
EndProject
#if IncludeWinForms
Project("{FAE04EC0-301F-11D3-BF4B-00C04F79EFBC}") = "EtoApp.1.WinForms", "EtoApp.1.WinForms\EtoApp.1.WinForms.csproj", "{19712124-C53F-486F-9C88-2BA310B38BE2}"
EndProject
#endif
Project("{FAE04EC0-301F-11D3-BF4B-00C04F79EFBC}") = "EtoApp.1.Mac", "EtoApp.1.Mac\EtoApp.1.Mac.csproj", "{BCAAFC40-AA8C-4D5A-8DD9-738E2A339097}"
EndProject
Project("{FAE04EC0-301F-11D3-BF4B-00C04F79EFBC}") = "EtoApp.1.Wpf", "EtoApp.1.Wpf\EtoApp.1.Wpf.csproj", "{7D9523D1-01EC-4E34-A559-03F332E64346}"
EndProject
#endif
#if IncludeXamMac
Project("{FAE04EC0-301F-11D3-BF4B-00C04F79EFBC}") = "EtoApp.1.XamMac", "EtoApp.1.XamMac\EtoApp.1.XamMac.csproj", "{05DB20E8-D401-4094-8096-88499C50E28A}"
EndProject
#endif
Global
	GlobalSection(SolutionConfigurationPlatforms) = preSolution
		Debug|Any CPU = Debug|Any CPU
		Release|Any CPU = Release|Any CPU
	EndGlobalSection
	GlobalSection(ProjectConfigurationPlatforms) = postSolution
		{4A7EEA91-18CE-4C33-8501-76049670866D}.Debug|Any CPU.ActiveCfg = Debug|Any CPU
		{4A7EEA91-18CE-4C33-8501-76049670866D}.Debug|Any CPU.Build.0 = Debug|Any CPU
		{4A7EEA91-18CE-4C33-8501-76049670866D}.Release|Any CPU.ActiveCfg = Release|Any CPU
		{4A7EEA91-18CE-4C33-8501-76049670866D}.Release|Any CPU.Build.0 = Release|Any CPU
#if Combined
		{90FC5409-708A-49CC-A80E-2C109E168CB8}.Debug|Any CPU.ActiveCfg = Debug|Any CPU
		{90FC5409-708A-49CC-A80E-2C109E168CB8}.Debug|Any CPU.Build.0 = Debug|Any CPU
		{90FC5409-708A-49CC-A80E-2C109E168CB8}.Release|Any CPU.ActiveCfg = Release|Any CPU
		{90FC5409-708A-49CC-A80E-2C109E168CB8}.Release|Any CPU.Build.0 = Release|Any CPU
#else
		{F83FE9CE-ACEC-44E7-8C9E-05362F50684E}.Debug|Any CPU.ActiveCfg = Debug|Any CPU
		{F83FE9CE-ACEC-44E7-8C9E-05362F50684E}.Debug|Any CPU.Build.0 = Debug|Any CPU
		{F83FE9CE-ACEC-44E7-8C9E-05362F50684E}.Release|Any CPU.ActiveCfg = Release|Any CPU
		{F83FE9CE-ACEC-44E7-8C9E-05362F50684E}.Release|Any CPU.Build.0 = Release|Any CPU
#if IncludeWinForms
		{19712124-C53F-486F-9C88-2BA310B38BE2}.Debug|Any CPU.ActiveCfg = Debug|Any CPU
		{19712124-C53F-486F-9C88-2BA310B38BE2}.Debug|Any CPU.Build.0 = Debug|Any CPU
		{19712124-C53F-486F-9C88-2BA310B38BE2}.Release|Any CPU.ActiveCfg = Release|Any CPU
		{19712124-C53F-486F-9C88-2BA310B38BE2}.Release|Any CPU.Build.0 = Release|Any CPU
#endif
		{BCAAFC40-AA8C-4D5A-8DD9-738E2A339097}.Debug|Any CPU.ActiveCfg = Debug|Any CPU
		{BCAAFC40-AA8C-4D5A-8DD9-738E2A339097}.Debug|Any CPU.Build.0 = Debug|Any CPU
		{BCAAFC40-AA8C-4D5A-8DD9-738E2A339097}.Release|Any CPU.ActiveCfg = Release|Any CPU
		{BCAAFC40-AA8C-4D5A-8DD9-738E2A339097}.Release|Any CPU.Build.0 = Release|Any CPU
		{7D9523D1-01EC-4E34-A559-03F332E64346}.Debug|Any CPU.ActiveCfg = Debug|Any CPU
		{7D9523D1-01EC-4E34-A559-03F332E64346}.Debug|Any CPU.Build.0 = Debug|Any CPU
		{7D9523D1-01EC-4E34-A559-03F332E64346}.Release|Any CPU.ActiveCfg = Release|Any CPU
		{7D9523D1-01EC-4E34-A559-03F332E64346}.Release|Any CPU.Build.0 = Release|Any CPU
#endif
#if IncludeXamMac
		{05DB20E8-D401-4094-8096-88499C50E28A}.Debug|Any CPU.ActiveCfg = Debug|Any CPU
		{05DB20E8-D401-4094-8096-88499C50E28A}.Debug|Any CPU.Build.0 = Debug|Any CPU
		{05DB20E8-D401-4094-8096-88499C50E28A}.Release|Any CPU.ActiveCfg = Release|Any CPU
		{05DB20E8-D401-4094-8096-88499C50E28A}.Release|Any CPU.Build.0 = Release|Any CPU
#endif
	EndGlobalSection
	GlobalSection(SolutionProperties) = preSolution
		HideSolutionNode = FALSE
	EndGlobalSection
	GlobalSection(ExtensibilityGlobals) = postSolution
		SolutionGuid = {47857121-F23B-4FD1-B3FD-23A0B03BB92D}
	EndGlobalSection
EndGlobal
