<Solution>
<!--#if (!SeparateProjects) -->
	<Project Path="EtoApp.1.csproj" />
<!--#else -->
	<Project Path="EtoApp.1/EtoApp.1.csproj" />
	<Project Path="EtoApp.1.Gtk/EtoApp.1.Gtk.csproj" />
	<Project Path="EtoApp.1.Mac/EtoApp.1.Mac.csproj" />
	<Project Path="EtoApp.1.Wpf/EtoApp.1.Wpf.csproj" />
<!--#if (IncludeWinForms) -->
	<Project Path="EtoApp.1.WinForms/EtoApp.1.WinForms.csproj" />
<!--#endif -->
<!--#if (IncludeMacOS) -->
	<Project Path="EtoApp.1.MacOS/EtoApp.1.MacOS.csproj" />
<!--#endif -->
<!--#endif -->
</Solution>
