
Microsoft Visual Studio Solution File, Format Version 12.00
# Visual Studio 2012
Project("{FAE04EC0-301F-11D3-BF4B-00C04F79EFBC}") = "Eto.Test.Android", "Eto.Test\Eto.Test.Android\Eto.Test.Android.csproj", "{22BE7E21-76D0-4C29-9D0A-6D6D432CC952}"
EndProject
Project("{FAE04EC0-301F-11D3-BF4B-00C04F79EFBC}") = "Eto.Android", "Eto.Android\Eto.Android.csproj", "{7A02E771-D30B-41A1-8A35-C78D3940FC33}"
EndProject
Project("{FAE04EC0-301F-11D3-BF4B-00C04F79EFBC}") = "Eto - pcl", "Eto\Eto - pcl.csproj", "{35EF0A4E-2A1A-492C-8BED-106774EA09F2}"
EndProject
Project("{FAE04EC0-301F-11D3-BF4B-00C04F79EFBC}") = "Eto.Serialization.Json - pcl", "Eto.Serialization.Json\Eto.Serialization.Json - pcl.csproj", "{3F8178EF-0710-43F7-92E2-130B9BE2212D}"
EndProject
Project("{2150E333-8FDC-42A3-9474-1A3956D46DE8}") = ".nuget", ".nuget", "{0DFC22F9-1B35-4B43-A57C-89A173576D01}"
	ProjectSection(SolutionItems) = preProject
		.nuget\packages.config = .nuget\packages.config
	EndProjectSection
EndProject
Project("{FAE04EC0-301F-11D3-BF4B-00C04F79EFBC}") = "Eto.Test - pcl", "Eto.Test\Eto.Test\Eto.Test - pcl.csproj", "{EB9C0A22-6644-46E4-948C-F7C95E1F8CE1}"
EndProject
Project("{FAE04EC0-301F-11D3-BF4B-00C04F79EFBC}") = "Eto.Serialization.Xaml - pcl", "Eto.Serialization.Xaml\Eto.Serialization.Xaml - pcl.csproj", "{12603B32-65B9-4DB7-82FC-C52E18537D6C}"
EndProject
Global
	GlobalSection(SolutionConfigurationPlatforms) = preSolution
		Debug|Any CPU = Debug|Any CPU
		Release|Any CPU = Release|Any CPU
	EndGlobalSection
	GlobalSection(ProjectConfigurationPlatforms) = postSolution
		{12603B32-65B9-4DB7-82FC-C52E18537D6C}.Debug|Any CPU.ActiveCfg = Debug|Any CPU
		{12603B32-65B9-4DB7-82FC-C52E18537D6C}.Debug|Any CPU.Build.0 = Debug|Any CPU
		{12603B32-65B9-4DB7-82FC-C52E18537D6C}.Release|Any CPU.ActiveCfg = Release|Any CPU
		{12603B32-65B9-4DB7-82FC-C52E18537D6C}.Release|Any CPU.Build.0 = Release|Any CPU
		{22BE7E21-76D0-4C29-9D0A-6D6D432CC952}.Debug|Any CPU.ActiveCfg = Debug|Any CPU
		{22BE7E21-76D0-4C29-9D0A-6D6D432CC952}.Debug|Any CPU.Build.0 = Debug|Any CPU
		{22BE7E21-76D0-4C29-9D0A-6D6D432CC952}.Release|Any CPU.ActiveCfg = Release|Any CPU
		{22BE7E21-76D0-4C29-9D0A-6D6D432CC952}.Release|Any CPU.Build.0 = Release|Any CPU
		{35EF0A4E-2A1A-492C-8BED-106774EA09F2}.Debug|Any CPU.ActiveCfg = Debug|Any CPU
		{35EF0A4E-2A1A-492C-8BED-106774EA09F2}.Debug|Any CPU.Build.0 = Debug|Any CPU
		{35EF0A4E-2A1A-492C-8BED-106774EA09F2}.Release|Any CPU.ActiveCfg = Release|Any CPU
		{35EF0A4E-2A1A-492C-8BED-106774EA09F2}.Release|Any CPU.Build.0 = Release|Any CPU
		{3F8178EF-0710-43F7-92E2-130B9BE2212D}.Debug|Any CPU.ActiveCfg = Debug|Any CPU
		{3F8178EF-0710-43F7-92E2-130B9BE2212D}.Debug|Any CPU.Build.0 = Debug|Any CPU
		{3F8178EF-0710-43F7-92E2-130B9BE2212D}.Release|Any CPU.ActiveCfg = Release|Any CPU
		{3F8178EF-0710-43F7-92E2-130B9BE2212D}.Release|Any CPU.Build.0 = Release|Any CPU
		{7A02E771-D30B-41A1-8A35-C78D3940FC33}.Debug|Any CPU.ActiveCfg = Debug|Any CPU
		{7A02E771-D30B-41A1-8A35-C78D3940FC33}.Debug|Any CPU.Build.0 = Debug|Any CPU
		{7A02E771-D30B-41A1-8A35-C78D3940FC33}.Release|Any CPU.ActiveCfg = Release|Any CPU
		{7A02E771-D30B-41A1-8A35-C78D3940FC33}.Release|Any CPU.Build.0 = Release|Any CPU
		{EB9C0A22-6644-46E4-948C-F7C95E1F8CE1}.Debug|Any CPU.ActiveCfg = Debug|Any CPU
		{EB9C0A22-6644-46E4-948C-F7C95E1F8CE1}.Debug|Any CPU.Build.0 = Debug|Any CPU
		{EB9C0A22-6644-46E4-948C-F7C95E1F8CE1}.Release|Any CPU.ActiveCfg = Release|Any CPU
		{EB9C0A22-6644-46E4-948C-F7C95E1F8CE1}.Release|Any CPU.Build.0 = Release|Any CPU
	EndGlobalSection
	GlobalSection(NestedProjects) = preSolution
	EndGlobalSection
	GlobalSection(SolutionProperties) = preSolution
		HideSolutionNode = FALSE
	EndGlobalSection
EndGlobal
