
Microsoft Visual Studio Solution File, Format Version 12.00
# Visual Studio 2012
Project("{FAE04EC0-301F-11D3-BF4B-00C04F79EFBC}") = "Eto - Pcl", "Eto\Eto - Pcl.csproj", "{35EF0A4E-2A1A-492C-8BED-106774EA09F2}"
EndProject
Project("{FAE04EC0-301F-11D3-BF4B-00C04F79EFBC}") = "Eto.Serialization.Json - Pcl", "Eto.Serialization.Json\Eto.Serialization.Json - Pcl.csproj", "{3F8178EF-0710-43F7-92E2-130B9BE2212D}"
EndProject
Project("{FAE04EC0-301F-11D3-BF4B-00C04F79EFBC}") = "Eto.Direct2D - Pcl", "Eto.Direct2D\Eto.Direct2D - Pcl.csproj", "{330EF9FD-5947-4AC9-9796-950C7633695F}"
EndProject
Project("{FAE04EC0-301F-11D3-BF4B-00C04F79EFBC}") = "Eto.WinForms - Pcl", "Eto.WinForms\Eto.WinForms - Pcl.csproj", "{9F51798A-354C-47A1-9207-4BB7D7FC7FC4}"
EndProject
Project("{FAE04EC0-301F-11D3-BF4B-00C04F79EFBC}") = "Eto.Mac - Pcl", "Eto.Mac\Eto.Mac - Pcl.csproj", "{3E7995E0-C9EB-11E3-9C1A-0800200C9A66}"
EndProject
Project("{FAE04EC0-301F-11D3-BF4B-00C04F79EFBC}") = "Eto.Gtk2 - Pcl", "Eto.Gtk\Eto.Gtk2 - Pcl.csproj", "{80915A80-CA54-11E3-9C1A-0800200C9A66}"
EndProject
Project("{FAE04EC0-301F-11D3-BF4B-00C04F79EFBC}") = "Eto.Wpf - Pcl", "Eto.Wpf\Eto.Wpf - Pcl.csproj", "{63137FA0-CA55-11E3-9C1A-0800200C9A66}"
EndProject
Project("{FAE04EC0-301F-11D3-BF4B-00C04F79EFBC}") = "Eto.Gtk3 - Pcl", "Eto.Gtk\Eto.Gtk3 - Pcl.csproj", "{543B2F90-CA56-11E3-9C1A-0800200C9A66}"
EndProject
Project("{FAE04EC0-301F-11D3-BF4B-00C04F79EFBC}") = "Eto.XamMac - Pcl", "Eto.Mac\Eto.XamMac - Pcl.csproj", "{BF405A10-C9EB-11E3-9C1A-0800200C9A66}"
EndProject
Project("{FAE04EC0-301F-11D3-BF4B-00C04F79EFBC}") = "Eto.Serialization.Xaml - Pcl", "Eto.Serialization.Xaml\Eto.Serialization.Xaml - Pcl.csproj", "{231FB3B0-CB71-11E3-9C1A-0800200C9A66}"
EndProject
Project("{2150E333-8FDC-42A3-9474-1A3956D46DE8}") = "Test", "Test", "{E121B009-AB4B-4585-B3FB-D70E3DF8D3CC}"
EndProject
Project("{FAE04EC0-301F-11D3-BF4B-00C04F79EFBC}") = "Eto.Test - Pcl", "Eto.Test\Eto.Test\Eto.Test - Pcl.csproj", "{EB9C0A22-6644-46E4-948C-F7C95E1F8CE1}"
EndProject
Project("{FAE04EC0-301F-11D3-BF4B-00C04F79EFBC}") = "Eto.Test.Gtk2 - Pcl", "Eto.Test\Eto.Test.Gtk2\Eto.Test.Gtk2 - Pcl.csproj", "{CC33FE70-CA54-11E3-9C1A-0800200C9A66}"
EndProject
Project("{FAE04EC0-301F-11D3-BF4B-00C04F79EFBC}") = "Eto.Test.Gtk3 - Pcl", "Eto.Test\Eto.Test.Gtk3\Eto.Test.Gtk3 - Pcl.csproj", "{D70E9E90-CA54-11E3-9C1A-0800200C9A66}"
EndProject
Project("{FAE04EC0-301F-11D3-BF4B-00C04F79EFBC}") = "Eto.Test.WinForms - Pcl", "Eto.Test\Eto.Test.WinForms\Eto.Test.WinForms - Pcl.csproj", "{CF18B0BB-2C60-437F-8AA3-711ABAE11A91}"
EndProject
Project("{FAE04EC0-301F-11D3-BF4B-00C04F79EFBC}") = "Eto.Test.Wpf - Pcl", "Eto.Test\Eto.Test.Wpf\Eto.Test.Wpf - Pcl.csproj", "{DD0C2B40-CA55-11E3-9C1A-0800200C9A66}"
EndProject
Project("{FAE04EC0-301F-11D3-BF4B-00C04F79EFBC}") = "Eto.Test.Mac - Pcl", "Eto.Test\Eto.Test.Mac\Eto.Test.Mac - Pcl.csproj", "{A4267C50-C9EB-11E3-9C1A-0800200C9A66}"
EndProject
Project("{FAE04EC0-301F-11D3-BF4B-00C04F79EFBC}") = "Eto.Test.XamMac - Pcl", "Eto.Test\Eto.Test.Mac\Eto.Test.XamMac - Pcl.csproj", "{9CEE7E60-C9EB-11E3-9C1A-0800200C9A66}"
EndProject
Project("{FAE04EC0-301F-11D3-BF4B-00C04F79EFBC}") = "Eto.Test.Direct2D - Pcl", "Eto.Test\Eto.Test.Direct2D\Eto.Test.Direct2D - Pcl.csproj", "{74328428-C412-4BC3-BD0C-E1DBC43FB479}"
EndProject
Project("{FAE04EC0-301F-11D3-BF4B-00C04F79EFBC}") = "Eto.Test.XamMac2", "Eto.Test\Eto.Test.Mac\Eto.Test.XamMac2.csproj", "{689E4C20-2702-11E4-8C21-0800200C9A66}"
EndProject
Project("{FAE04EC0-301F-11D3-BF4B-00C04F79EFBC}") = "Eto.Test.Mac64 - Pcl", "Eto.Test\Eto.Test.Mac\Eto.Test.Mac64 - Pcl.csproj", "{B5BC1D10-24ED-441C-A4D6-1F3AB9FF3689}"
EndProject
Project("{2150E333-8FDC-42A3-9474-1A3956D46DE8}") = ".nuget", ".nuget", "{451A0C58-A0FE-4DAE-9B57-FB1450C2071B}"
	ProjectSection(SolutionItems) = preProject
		.nuget\NuGet.Config = .nuget\NuGet.Config
		.nuget\NuGet.exe = .nuget\NuGet.exe
		.nuget\NuGet.targets = .nuget\NuGet.targets
	EndProjectSection
EndProject
Project("{FAE04EC0-301F-11D3-BF4B-00C04F79EFBC}") = "Eto.Mac64 - Pcl", "Eto.Mac\Eto.Mac64 - Pcl.csproj", "{55DAB390-1CFC-11E4-8C21-0800200C9A66}"
EndProject
Project("{FAE04EC0-301F-11D3-BF4B-00C04F79EFBC}") = "Eto.XamMac2 - Pcl", "Eto.Mac\Eto.XamMac2 - Pcl.csproj", "{856E8C70-2702-11E4-8C21-0800200C9A66}"
EndProject
Global
	GlobalSection(SolutionConfigurationPlatforms) = preSolution
		Debug|Linux = Debug|Linux
		Debug|Mac = Debug|Mac
		Debug|Windows = Debug|Windows
		Release|Linux = Release|Linux
		Release|Mac = Release|Mac
		Release|Windows = Release|Windows
	EndGlobalSection
	GlobalSection(ProjectConfigurationPlatforms) = postSolution
		{231FB3B0-CB71-11E3-9C1A-0800200C9A66}.Debug|Linux.ActiveCfg = Debug|Any CPU
		{231FB3B0-CB71-11E3-9C1A-0800200C9A66}.Debug|Linux.Build.0 = Debug|Any CPU
		{231FB3B0-CB71-11E3-9C1A-0800200C9A66}.Debug|Mac.ActiveCfg = Debug|Any CPU
		{231FB3B0-CB71-11E3-9C1A-0800200C9A66}.Debug|Mac.Build.0 = Debug|Any CPU
		{231FB3B0-CB71-11E3-9C1A-0800200C9A66}.Debug|Windows.ActiveCfg = Debug|Any CPU
		{231FB3B0-CB71-11E3-9C1A-0800200C9A66}.Debug|Windows.Build.0 = Debug|Any CPU
		{231FB3B0-CB71-11E3-9C1A-0800200C9A66}.Release|Linux.ActiveCfg = Release|Any CPU
		{231FB3B0-CB71-11E3-9C1A-0800200C9A66}.Release|Linux.Build.0 = Release|Any CPU
		{231FB3B0-CB71-11E3-9C1A-0800200C9A66}.Release|Mac.ActiveCfg = Release|Any CPU
		{231FB3B0-CB71-11E3-9C1A-0800200C9A66}.Release|Mac.Build.0 = Release|Any CPU
		{231FB3B0-CB71-11E3-9C1A-0800200C9A66}.Release|Windows.ActiveCfg = Release|Any CPU
		{231FB3B0-CB71-11E3-9C1A-0800200C9A66}.Release|Windows.Build.0 = Release|Any CPU
		{330EF9FD-5947-4AC9-9796-950C7633695F}.Debug|Linux.ActiveCfg = Debug|Any CPU
		{330EF9FD-5947-4AC9-9796-950C7633695F}.Debug|Mac.ActiveCfg = Debug|Any CPU
		{330EF9FD-5947-4AC9-9796-950C7633695F}.Debug|Windows.ActiveCfg = Debug|Any CPU
		{330EF9FD-5947-4AC9-9796-950C7633695F}.Debug|Windows.Build.0 = Debug|Any CPU
		{330EF9FD-5947-4AC9-9796-950C7633695F}.Release|Linux.ActiveCfg = Release|Any CPU
		{330EF9FD-5947-4AC9-9796-950C7633695F}.Release|Mac.ActiveCfg = Release|Any CPU
		{330EF9FD-5947-4AC9-9796-950C7633695F}.Release|Windows.ActiveCfg = Release|Any CPU
		{330EF9FD-5947-4AC9-9796-950C7633695F}.Release|Windows.Build.0 = Release|Any CPU
		{35EF0A4E-2A1A-492C-8BED-106774EA09F2}.Debug|Linux.ActiveCfg = Debug|Any CPU
		{35EF0A4E-2A1A-492C-8BED-106774EA09F2}.Debug|Linux.Build.0 = Debug|Any CPU
		{35EF0A4E-2A1A-492C-8BED-106774EA09F2}.Debug|Mac.ActiveCfg = Debug|Any CPU
		{35EF0A4E-2A1A-492C-8BED-106774EA09F2}.Debug|Mac.Build.0 = Debug|Any CPU
		{35EF0A4E-2A1A-492C-8BED-106774EA09F2}.Debug|Windows.ActiveCfg = Debug|Any CPU
		{35EF0A4E-2A1A-492C-8BED-106774EA09F2}.Debug|Windows.Build.0 = Debug|Any CPU
		{35EF0A4E-2A1A-492C-8BED-106774EA09F2}.Release|Linux.ActiveCfg = Release|Any CPU
		{35EF0A4E-2A1A-492C-8BED-106774EA09F2}.Release|Linux.Build.0 = Release|Any CPU
		{35EF0A4E-2A1A-492C-8BED-106774EA09F2}.Release|Mac.ActiveCfg = Release|Any CPU
		{35EF0A4E-2A1A-492C-8BED-106774EA09F2}.Release|Mac.Build.0 = Release|Any CPU
		{35EF0A4E-2A1A-492C-8BED-106774EA09F2}.Release|Windows.ActiveCfg = Release|Any CPU
		{35EF0A4E-2A1A-492C-8BED-106774EA09F2}.Release|Windows.Build.0 = Release|Any CPU
		{3E7995E0-C9EB-11E3-9C1A-0800200C9A66}.Debug|Linux.ActiveCfg = Debug|Any CPU
		{3E7995E0-C9EB-11E3-9C1A-0800200C9A66}.Debug|Linux.Build.0 = Debug|Any CPU
		{3E7995E0-C9EB-11E3-9C1A-0800200C9A66}.Debug|Mac.ActiveCfg = Debug|Any CPU
		{3E7995E0-C9EB-11E3-9C1A-0800200C9A66}.Debug|Mac.Build.0 = Debug|Any CPU
		{3E7995E0-C9EB-11E3-9C1A-0800200C9A66}.Debug|Windows.ActiveCfg = Debug|Any CPU
		{3E7995E0-C9EB-11E3-9C1A-0800200C9A66}.Debug|Windows.Build.0 = Debug|Any CPU
		{3E7995E0-C9EB-11E3-9C1A-0800200C9A66}.Release|Linux.ActiveCfg = Release|Any CPU
		{3E7995E0-C9EB-11E3-9C1A-0800200C9A66}.Release|Linux.Build.0 = Release|Any CPU
		{3E7995E0-C9EB-11E3-9C1A-0800200C9A66}.Release|Mac.ActiveCfg = Release|Any CPU
		{3E7995E0-C9EB-11E3-9C1A-0800200C9A66}.Release|Mac.Build.0 = Release|Any CPU
		{3E7995E0-C9EB-11E3-9C1A-0800200C9A66}.Release|Windows.ActiveCfg = Release|Any CPU
		{3E7995E0-C9EB-11E3-9C1A-0800200C9A66}.Release|Windows.Build.0 = Release|Any CPU
		{3F8178EF-0710-43F7-92E2-130B9BE2212D}.Debug|Linux.ActiveCfg = Debug|Any CPU
		{3F8178EF-0710-43F7-92E2-130B9BE2212D}.Debug|Linux.Build.0 = Debug|Any CPU
		{3F8178EF-0710-43F7-92E2-130B9BE2212D}.Debug|Mac.ActiveCfg = Debug|Any CPU
		{3F8178EF-0710-43F7-92E2-130B9BE2212D}.Debug|Mac.Build.0 = Debug|Any CPU
		{3F8178EF-0710-43F7-92E2-130B9BE2212D}.Debug|Windows.ActiveCfg = Debug|Any CPU
		{3F8178EF-0710-43F7-92E2-130B9BE2212D}.Debug|Windows.Build.0 = Debug|Any CPU
		{3F8178EF-0710-43F7-92E2-130B9BE2212D}.Release|Linux.ActiveCfg = Release|Any CPU
		{3F8178EF-0710-43F7-92E2-130B9BE2212D}.Release|Linux.Build.0 = Release|Any CPU
		{3F8178EF-0710-43F7-92E2-130B9BE2212D}.Release|Mac.ActiveCfg = Release|Any CPU
		{3F8178EF-0710-43F7-92E2-130B9BE2212D}.Release|Mac.Build.0 = Release|Any CPU
		{3F8178EF-0710-43F7-92E2-130B9BE2212D}.Release|Windows.ActiveCfg = Release|Any CPU
		{3F8178EF-0710-43F7-92E2-130B9BE2212D}.Release|Windows.Build.0 = Release|Any CPU
		{543B2F90-CA56-11E3-9C1A-0800200C9A66}.Debug|Linux.ActiveCfg = Debug|Any CPU
		{543B2F90-CA56-11E3-9C1A-0800200C9A66}.Debug|Linux.Build.0 = Debug|Any CPU
		{543B2F90-CA56-11E3-9C1A-0800200C9A66}.Debug|Mac.ActiveCfg = Debug|Any CPU
		{543B2F90-CA56-11E3-9C1A-0800200C9A66}.Debug|Mac.Build.0 = Debug|Any CPU
		{543B2F90-CA56-11E3-9C1A-0800200C9A66}.Debug|Windows.ActiveCfg = Debug|Any CPU
		{543B2F90-CA56-11E3-9C1A-0800200C9A66}.Debug|Windows.Build.0 = Debug|Any CPU
		{543B2F90-CA56-11E3-9C1A-0800200C9A66}.Release|Linux.ActiveCfg = Debug|Any CPU
		{543B2F90-CA56-11E3-9C1A-0800200C9A66}.Release|Linux.Build.0 = Debug|Any CPU
		{543B2F90-CA56-11E3-9C1A-0800200C9A66}.Release|Mac.ActiveCfg = Release|Any CPU
		{543B2F90-CA56-11E3-9C1A-0800200C9A66}.Release|Mac.Build.0 = Release|Any CPU
		{543B2F90-CA56-11E3-9C1A-0800200C9A66}.Release|Windows.ActiveCfg = Release|Any CPU
		{543B2F90-CA56-11E3-9C1A-0800200C9A66}.Release|Windows.Build.0 = Release|Any CPU
		{55DAB390-1CFC-11E4-8C21-0800200C9A66}.Debug|Linux.ActiveCfg = Debug|Any CPU
		{55DAB390-1CFC-11E4-8C21-0800200C9A66}.Debug|Linux.Build.0 = Debug|Any CPU
		{55DAB390-1CFC-11E4-8C21-0800200C9A66}.Debug|Mac.ActiveCfg = Debug|Any CPU
		{55DAB390-1CFC-11E4-8C21-0800200C9A66}.Debug|Mac.Build.0 = Debug|Any CPU
		{55DAB390-1CFC-11E4-8C21-0800200C9A66}.Debug|Windows.ActiveCfg = Debug|Any CPU
		{55DAB390-1CFC-11E4-8C21-0800200C9A66}.Debug|Windows.Build.0 = Debug|Any CPU
		{55DAB390-1CFC-11E4-8C21-0800200C9A66}.Release|Linux.ActiveCfg = Release|Any CPU
		{55DAB390-1CFC-11E4-8C21-0800200C9A66}.Release|Linux.Build.0 = Release|Any CPU
		{55DAB390-1CFC-11E4-8C21-0800200C9A66}.Release|Mac.ActiveCfg = Release|Any CPU
		{55DAB390-1CFC-11E4-8C21-0800200C9A66}.Release|Mac.Build.0 = Release|Any CPU
		{55DAB390-1CFC-11E4-8C21-0800200C9A66}.Release|Windows.ActiveCfg = Release|Any CPU
		{55DAB390-1CFC-11E4-8C21-0800200C9A66}.Release|Windows.Build.0 = Release|Any CPU
		{63137FA0-CA55-11E3-9C1A-0800200C9A66}.Debug|Linux.ActiveCfg = Debug|Any CPU
		{63137FA0-CA55-11E3-9C1A-0800200C9A66}.Debug|Mac.ActiveCfg = Debug|Any CPU
		{63137FA0-CA55-11E3-9C1A-0800200C9A66}.Debug|Windows.ActiveCfg = Debug|Any CPU
		{63137FA0-CA55-11E3-9C1A-0800200C9A66}.Debug|Windows.Build.0 = Debug|Any CPU
		{63137FA0-CA55-11E3-9C1A-0800200C9A66}.Release|Linux.ActiveCfg = Release|Any CPU
		{63137FA0-CA55-11E3-9C1A-0800200C9A66}.Release|Mac.ActiveCfg = Release|Any CPU
		{63137FA0-CA55-11E3-9C1A-0800200C9A66}.Release|Windows.ActiveCfg = Release|Any CPU
		{63137FA0-CA55-11E3-9C1A-0800200C9A66}.Release|Windows.Build.0 = Release|Any CPU
		{689E4C20-2702-11E4-8C21-0800200C9A66}.Debug|Linux.ActiveCfg = Debug|Any CPU
		{689E4C20-2702-11E4-8C21-0800200C9A66}.Debug|Mac.ActiveCfg = Debug|Any CPU
		{689E4C20-2702-11E4-8C21-0800200C9A66}.Debug|Mac.Build.0 = Debug|Any CPU
		{689E4C20-2702-11E4-8C21-0800200C9A66}.Debug|Windows.ActiveCfg = Debug|Any CPU
		{689E4C20-2702-11E4-8C21-0800200C9A66}.Release|Linux.ActiveCfg = Release|Any CPU
		{689E4C20-2702-11E4-8C21-0800200C9A66}.Release|Mac.ActiveCfg = Release|Any CPU
		{689E4C20-2702-11E4-8C21-0800200C9A66}.Release|Mac.Build.0 = Release|Any CPU
		{689E4C20-2702-11E4-8C21-0800200C9A66}.Release|Windows.ActiveCfg = Release|Any CPU
		{74328428-C412-4BC3-BD0C-E1DBC43FB479}.Debug|Linux.ActiveCfg = Debug|Any CPU
		{74328428-C412-4BC3-BD0C-E1DBC43FB479}.Debug|Mac.ActiveCfg = Debug|Any CPU
		{74328428-C412-4BC3-BD0C-E1DBC43FB479}.Debug|Windows.ActiveCfg = Debug|Any CPU
		{74328428-C412-4BC3-BD0C-E1DBC43FB479}.Release|Linux.ActiveCfg = Release|Any CPU
		{74328428-C412-4BC3-BD0C-E1DBC43FB479}.Release|Mac.ActiveCfg = Release|Any CPU
		{74328428-C412-4BC3-BD0C-E1DBC43FB479}.Release|Windows.ActiveCfg = Release|Any CPU
		{80915A80-CA54-11E3-9C1A-0800200C9A66}.Debug|Linux.ActiveCfg = Debug|Any CPU
		{80915A80-CA54-11E3-9C1A-0800200C9A66}.Debug|Linux.Build.0 = Debug|Any CPU
		{80915A80-CA54-11E3-9C1A-0800200C9A66}.Debug|Mac.ActiveCfg = Debug|Any CPU
		{80915A80-CA54-11E3-9C1A-0800200C9A66}.Debug|Mac.Build.0 = Debug|Any CPU
		{80915A80-CA54-11E3-9C1A-0800200C9A66}.Debug|Windows.ActiveCfg = Debug|Any CPU
		{80915A80-CA54-11E3-9C1A-0800200C9A66}.Debug|Windows.Build.0 = Debug|Any CPU
		{80915A80-CA54-11E3-9C1A-0800200C9A66}.Release|Linux.ActiveCfg = Release|Any CPU
		{80915A80-CA54-11E3-9C1A-0800200C9A66}.Release|Linux.Build.0 = Release|Any CPU
		{80915A80-CA54-11E3-9C1A-0800200C9A66}.Release|Mac.ActiveCfg = Release|Any CPU
		{80915A80-CA54-11E3-9C1A-0800200C9A66}.Release|Mac.Build.0 = Release|Any CPU
		{80915A80-CA54-11E3-9C1A-0800200C9A66}.Release|Windows.ActiveCfg = Release|Any CPU
		{80915A80-CA54-11E3-9C1A-0800200C9A66}.Release|Windows.Build.0 = Release|Any CPU
		{856E8C70-2702-11E4-8C21-0800200C9A66}.Debug|Linux.ActiveCfg = Debug|Any CPU
		{856E8C70-2702-11E4-8C21-0800200C9A66}.Debug|Mac.ActiveCfg = Debug|Any CPU
		{856E8C70-2702-11E4-8C21-0800200C9A66}.Debug|Mac.Build.0 = Debug|Any CPU
		{856E8C70-2702-11E4-8C21-0800200C9A66}.Debug|Windows.ActiveCfg = Debug|Any CPU
		{856E8C70-2702-11E4-8C21-0800200C9A66}.Release|Linux.ActiveCfg = Release|Any CPU
		{856E8C70-2702-11E4-8C21-0800200C9A66}.Release|Mac.ActiveCfg = Release|Any CPU
		{856E8C70-2702-11E4-8C21-0800200C9A66}.Release|Mac.Build.0 = Release|Any CPU
		{856E8C70-2702-11E4-8C21-0800200C9A66}.Release|Windows.ActiveCfg = Release|Any CPU
		{9CEE7E60-C9EB-11E3-9C1A-0800200C9A66}.Debug|Linux.ActiveCfg = Debug|Any CPU
		{9CEE7E60-C9EB-11E3-9C1A-0800200C9A66}.Debug|Mac.ActiveCfg = Debug|Any CPU
		{9CEE7E60-C9EB-11E3-9C1A-0800200C9A66}.Debug|Mac.Build.0 = Debug|Any CPU
		{9CEE7E60-C9EB-11E3-9C1A-0800200C9A66}.Debug|Windows.ActiveCfg = Debug|Any CPU
		{9CEE7E60-C9EB-11E3-9C1A-0800200C9A66}.Release|Linux.ActiveCfg = Release|Any CPU
		{9CEE7E60-C9EB-11E3-9C1A-0800200C9A66}.Release|Mac.ActiveCfg = Release|Any CPU
		{9CEE7E60-C9EB-11E3-9C1A-0800200C9A66}.Release|Mac.Build.0 = Release|Any CPU
		{9CEE7E60-C9EB-11E3-9C1A-0800200C9A66}.Release|Windows.ActiveCfg = Release|Any CPU
		{9F51798A-354C-47A1-9207-4BB7D7FC7FC4}.Debug|Linux.ActiveCfg = Debug|Any CPU
		{9F51798A-354C-47A1-9207-4BB7D7FC7FC4}.Debug|Linux.Build.0 = Debug|Any CPU
		{9F51798A-354C-47A1-9207-4BB7D7FC7FC4}.Debug|Mac.ActiveCfg = Debug|Any CPU
		{9F51798A-354C-47A1-9207-4BB7D7FC7FC4}.Debug|Mac.Build.0 = Debug|Any CPU
		{9F51798A-354C-47A1-9207-4BB7D7FC7FC4}.Debug|Windows.ActiveCfg = Debug|Any CPU
		{9F51798A-354C-47A1-9207-4BB7D7FC7FC4}.Debug|Windows.Build.0 = Debug|Any CPU
		{9F51798A-354C-47A1-9207-4BB7D7FC7FC4}.Release|Linux.ActiveCfg = Release|Any CPU
		{9F51798A-354C-47A1-9207-4BB7D7FC7FC4}.Release|Linux.Build.0 = Release|Any CPU
		{9F51798A-354C-47A1-9207-4BB7D7FC7FC4}.Release|Mac.ActiveCfg = Release|Any CPU
		{9F51798A-354C-47A1-9207-4BB7D7FC7FC4}.Release|Mac.Build.0 = Release|Any CPU
		{9F51798A-354C-47A1-9207-4BB7D7FC7FC4}.Release|Windows.ActiveCfg = Release|Any CPU
		{9F51798A-354C-47A1-9207-4BB7D7FC7FC4}.Release|Windows.Build.0 = Release|Any CPU
		{A4267C50-C9EB-11E3-9C1A-0800200C9A66}.Debug|Linux.ActiveCfg = Debug|Any CPU
		{A4267C50-C9EB-11E3-9C1A-0800200C9A66}.Debug|Mac.ActiveCfg = Debug|Any CPU
		{A4267C50-C9EB-11E3-9C1A-0800200C9A66}.Debug|Mac.Build.0 = Debug|Any CPU
		{A4267C50-C9EB-11E3-9C1A-0800200C9A66}.Debug|Windows.ActiveCfg = Debug|Any CPU
		{A4267C50-C9EB-11E3-9C1A-0800200C9A66}.Release|Linux.ActiveCfg = Release|Any CPU
		{A4267C50-C9EB-11E3-9C1A-0800200C9A66}.Release|Mac.ActiveCfg = Release|Any CPU
		{A4267C50-C9EB-11E3-9C1A-0800200C9A66}.Release|Mac.Build.0 = Release|Any CPU
		{A4267C50-C9EB-11E3-9C1A-0800200C9A66}.Release|Windows.ActiveCfg = Release|Any CPU
		{B5BC1D10-24ED-441C-A4D6-1F3AB9FF3689}.Debug|Linux.ActiveCfg = Debug|Any CPU
		{B5BC1D10-24ED-441C-A4D6-1F3AB9FF3689}.Debug|Linux.Build.0 = Debug|Any CPU
		{B5BC1D10-24ED-441C-A4D6-1F3AB9FF3689}.Debug|Mac.ActiveCfg = Debug|Any CPU
		{B5BC1D10-24ED-441C-A4D6-1F3AB9FF3689}.Debug|Mac.Build.0 = Debug|Any CPU
		{B5BC1D10-24ED-441C-A4D6-1F3AB9FF3689}.Debug|Windows.ActiveCfg = Debug|Any CPU
		{B5BC1D10-24ED-441C-A4D6-1F3AB9FF3689}.Debug|Windows.Build.0 = Debug|Any CPU
		{B5BC1D10-24ED-441C-A4D6-1F3AB9FF3689}.Release|Linux.ActiveCfg = Release|Any CPU
		{B5BC1D10-24ED-441C-A4D6-1F3AB9FF3689}.Release|Linux.Build.0 = Release|Any CPU
		{B5BC1D10-24ED-441C-A4D6-1F3AB9FF3689}.Release|Mac.ActiveCfg = Release|Any CPU
		{B5BC1D10-24ED-441C-A4D6-1F3AB9FF3689}.Release|Mac.Build.0 = Release|Any CPU
		{B5BC1D10-24ED-441C-A4D6-1F3AB9FF3689}.Release|Windows.ActiveCfg = Release|Any CPU
		{B5BC1D10-24ED-441C-A4D6-1F3AB9FF3689}.Release|Windows.Build.0 = Release|Any CPU
		{BF405A10-C9EB-11E3-9C1A-0800200C9A66}.Debug|Linux.ActiveCfg = Debug|Any CPU
		{BF405A10-C9EB-11E3-9C1A-0800200C9A66}.Debug|Mac.ActiveCfg = Debug|Any CPU
		{BF405A10-C9EB-11E3-9C1A-0800200C9A66}.Debug|Mac.Build.0 = Debug|Any CPU
		{BF405A10-C9EB-11E3-9C1A-0800200C9A66}.Debug|Windows.ActiveCfg = Debug|Any CPU
		{BF405A10-C9EB-11E3-9C1A-0800200C9A66}.Release|Linux.ActiveCfg = Release|Any CPU
		{BF405A10-C9EB-11E3-9C1A-0800200C9A66}.Release|Mac.ActiveCfg = Release|Any CPU
		{BF405A10-C9EB-11E3-9C1A-0800200C9A66}.Release|Mac.Build.0 = Release|Any CPU
		{BF405A10-C9EB-11E3-9C1A-0800200C9A66}.Release|Windows.ActiveCfg = Release|Any CPU
		{CC33FE70-CA54-11E3-9C1A-0800200C9A66}.Debug|Linux.ActiveCfg = Debug|x86
		{CC33FE70-CA54-11E3-9C1A-0800200C9A66}.Debug|Linux.Build.0 = Debug|x86
		{CC33FE70-CA54-11E3-9C1A-0800200C9A66}.Debug|Mac.ActiveCfg = Debug|x86
		{CC33FE70-CA54-11E3-9C1A-0800200C9A66}.Debug|Mac.Build.0 = Debug|x86
		{CC33FE70-CA54-11E3-9C1A-0800200C9A66}.Debug|Windows.ActiveCfg = Debug|x86
		{CC33FE70-CA54-11E3-9C1A-0800200C9A66}.Debug|Windows.Build.0 = Debug|x86
		{CC33FE70-CA54-11E3-9C1A-0800200C9A66}.Release|Linux.ActiveCfg = Release|x86
		{CC33FE70-CA54-11E3-9C1A-0800200C9A66}.Release|Linux.Build.0 = Release|x86
		{CC33FE70-CA54-11E3-9C1A-0800200C9A66}.Release|Mac.ActiveCfg = Release|x86
		{CC33FE70-CA54-11E3-9C1A-0800200C9A66}.Release|Mac.Build.0 = Release|x86
		{CC33FE70-CA54-11E3-9C1A-0800200C9A66}.Release|Windows.ActiveCfg = Release|x86
		{CC33FE70-CA54-11E3-9C1A-0800200C9A66}.Release|Windows.Build.0 = Release|x86
		{CF18B0BB-2C60-437F-8AA3-711ABAE11A91}.Debug|Linux.ActiveCfg = Debug|Any CPU
		{CF18B0BB-2C60-437F-8AA3-711ABAE11A91}.Debug|Linux.Build.0 = Debug|Any CPU
		{CF18B0BB-2C60-437F-8AA3-711ABAE11A91}.Debug|Mac.ActiveCfg = Debug|Any CPU
		{CF18B0BB-2C60-437F-8AA3-711ABAE11A91}.Debug|Mac.Build.0 = Debug|Any CPU
		{CF18B0BB-2C60-437F-8AA3-711ABAE11A91}.Debug|Windows.ActiveCfg = Debug|Any CPU
		{CF18B0BB-2C60-437F-8AA3-711ABAE11A91}.Debug|Windows.Build.0 = Debug|Any CPU
		{CF18B0BB-2C60-437F-8AA3-711ABAE11A91}.Release|Linux.ActiveCfg = Release|Any CPU
		{CF18B0BB-2C60-437F-8AA3-711ABAE11A91}.Release|Linux.Build.0 = Release|Any CPU
		{CF18B0BB-2C60-437F-8AA3-711ABAE11A91}.Release|Mac.ActiveCfg = Release|Any CPU
		{CF18B0BB-2C60-437F-8AA3-711ABAE11A91}.Release|Mac.Build.0 = Release|Any CPU
		{CF18B0BB-2C60-437F-8AA3-711ABAE11A91}.Release|Windows.ActiveCfg = Release|Any CPU
		{CF18B0BB-2C60-437F-8AA3-711ABAE11A91}.Release|Windows.Build.0 = Release|Any CPU
		{D70E9E90-CA54-11E3-9C1A-0800200C9A66}.Debug|Linux.ActiveCfg = Debug|Any CPU
		{D70E9E90-CA54-11E3-9C1A-0800200C9A66}.Debug|Linux.Build.0 = Debug|Any CPU
		{D70E9E90-CA54-11E3-9C1A-0800200C9A66}.Debug|Mac.ActiveCfg = Debug|Any CPU
		{D70E9E90-CA54-11E3-9C1A-0800200C9A66}.Debug|Mac.Build.0 = Debug|Any CPU
		{D70E9E90-CA54-11E3-9C1A-0800200C9A66}.Debug|Windows.ActiveCfg = Debug|Any CPU
		{D70E9E90-CA54-11E3-9C1A-0800200C9A66}.Debug|Windows.Build.0 = Debug|Any CPU
		{D70E9E90-CA54-11E3-9C1A-0800200C9A66}.Release|Linux.ActiveCfg = Release|Any CPU
		{D70E9E90-CA54-11E3-9C1A-0800200C9A66}.Release|Linux.Build.0 = Release|Any CPU
		{D70E9E90-CA54-11E3-9C1A-0800200C9A66}.Release|Mac.ActiveCfg = Release|Any CPU
		{D70E9E90-CA54-11E3-9C1A-0800200C9A66}.Release|Mac.Build.0 = Release|Any CPU
		{D70E9E90-CA54-11E3-9C1A-0800200C9A66}.Release|Windows.ActiveCfg = Release|Any CPU
		{D70E9E90-CA54-11E3-9C1A-0800200C9A66}.Release|Windows.Build.0 = Release|Any CPU
		{DD0C2B40-CA55-11E3-9C1A-0800200C9A66}.Debug|Linux.ActiveCfg = Debug|Any CPU
		{DD0C2B40-CA55-11E3-9C1A-0800200C9A66}.Debug|Mac.ActiveCfg = Debug|Any CPU
		{DD0C2B40-CA55-11E3-9C1A-0800200C9A66}.Debug|Windows.ActiveCfg = Debug|Any CPU
		{DD0C2B40-CA55-11E3-9C1A-0800200C9A66}.Debug|Windows.Build.0 = Debug|Any CPU
		{DD0C2B40-CA55-11E3-9C1A-0800200C9A66}.Release|Linux.ActiveCfg = Release|Any CPU
		{DD0C2B40-CA55-11E3-9C1A-0800200C9A66}.Release|Mac.ActiveCfg = Release|Any CPU
		{DD0C2B40-CA55-11E3-9C1A-0800200C9A66}.Release|Windows.ActiveCfg = Release|Any CPU
		{DD0C2B40-CA55-11E3-9C1A-0800200C9A66}.Release|Windows.Build.0 = Release|Any CPU
		{EB9C0A22-6644-46E4-948C-F7C95E1F8CE1}.Debug|Linux.ActiveCfg = Debug|Any CPU
		{EB9C0A22-6644-46E4-948C-F7C95E1F8CE1}.Debug|Linux.Build.0 = Debug|Any CPU
		{EB9C0A22-6644-46E4-948C-F7C95E1F8CE1}.Debug|Mac.ActiveCfg = Debug|Any CPU
		{EB9C0A22-6644-46E4-948C-F7C95E1F8CE1}.Debug|Mac.Build.0 = Debug|Any CPU
		{EB9C0A22-6644-46E4-948C-F7C95E1F8CE1}.Debug|Windows.ActiveCfg = Debug|Any CPU
		{EB9C0A22-6644-46E4-948C-F7C95E1F8CE1}.Debug|Windows.Build.0 = Debug|Any CPU
		{EB9C0A22-6644-46E4-948C-F7C95E1F8CE1}.Release|Linux.ActiveCfg = Release|Any CPU
		{EB9C0A22-6644-46E4-948C-F7C95E1F8CE1}.Release|Linux.Build.0 = Release|Any CPU
		{EB9C0A22-6644-46E4-948C-F7C95E1F8CE1}.Release|Mac.ActiveCfg = Release|Any CPU
		{EB9C0A22-6644-46E4-948C-F7C95E1F8CE1}.Release|Mac.Build.0 = Release|Any CPU
		{EB9C0A22-6644-46E4-948C-F7C95E1F8CE1}.Release|Windows.ActiveCfg = Release|Any CPU
		{EB9C0A22-6644-46E4-948C-F7C95E1F8CE1}.Release|Windows.Build.0 = Release|Any CPU
	EndGlobalSection
	GlobalSection(NestedProjects) = preSolution
		{EB9C0A22-6644-46E4-948C-F7C95E1F8CE1} = {E121B009-AB4B-4585-B3FB-D70E3DF8D3CC}
		{CC33FE70-CA54-11E3-9C1A-0800200C9A66} = {E121B009-AB4B-4585-B3FB-D70E3DF8D3CC}
		{D70E9E90-CA54-11E3-9C1A-0800200C9A66} = {E121B009-AB4B-4585-B3FB-D70E3DF8D3CC}
		{CF18B0BB-2C60-437F-8AA3-711ABAE11A91} = {E121B009-AB4B-4585-B3FB-D70E3DF8D3CC}
		{DD0C2B40-CA55-11E3-9C1A-0800200C9A66} = {E121B009-AB4B-4585-B3FB-D70E3DF8D3CC}
		{A4267C50-C9EB-11E3-9C1A-0800200C9A66} = {E121B009-AB4B-4585-B3FB-D70E3DF8D3CC}
		{9CEE7E60-C9EB-11E3-9C1A-0800200C9A66} = {E121B009-AB4B-4585-B3FB-D70E3DF8D3CC}
		{74328428-C412-4BC3-BD0C-E1DBC43FB479} = {E121B009-AB4B-4585-B3FB-D70E3DF8D3CC}
		{689E4C20-2702-11E4-8C21-0800200C9A66} = {E121B009-AB4B-4585-B3FB-D70E3DF8D3CC}
		{B5BC1D10-24ED-441C-A4D6-1F3AB9FF3689} = {E121B009-AB4B-4585-B3FB-D70E3DF8D3CC}
	EndGlobalSection
	GlobalSection(MonoDevelopProperties) = preSolution
		StartupItem = Eto.Test\Eto.Test.Mac\Eto.Test.Mac - Pcl.csproj
	EndGlobalSection
	GlobalSection(SolutionProperties) = preSolution
		HideSolutionNode = FALSE
	EndGlobalSection
EndGlobal
