
Microsoft Visual Studio Solution File, Format Version 12.00
# Visual Studio 2012
Project("{FAE04EC0-301F-11D3-BF4B-00C04F79EFBC}") = "Eto.Platform.iOS", "Eto.Platform.iOS\Eto.Platform.iOS.csproj", "{E711B298-D141-4EC5-9BFD-84962B264F90}"
EndProject
Project("{FAE04EC0-301F-11D3-BF4B-00C04F79EFBC}") = "Eto.Test.iOS", "Eto.Test\Eto.Test.iOS\Eto.Test.iOS.csproj", "{AB42209E-E87F-4749-96CF-8CAE83981808}"
EndProject
Project("{FAE04EC0-301F-11D3-BF4B-00C04F79EFBC}") = "Eto.Pcl", "Eto\Eto.Pcl.csproj", "{35EF0A4E-2A1A-492C-8BED-106774EA09F2}"
EndProject
Project("{FAE04EC0-301F-11D3-BF4B-00C04F79EFBC}") = "Eto.Json.Pcl", "Eto.Json\Eto.Json.Pcl.csproj", "{3F8178EF-0710-43F7-92E2-130B9BE2212D}"
EndProject
Project("{FAE04EC0-301F-11D3-BF4B-00C04F79EFBC}") = "Eto.Test.Pcl", "Eto.Test\Eto.Test\Eto.Test.Pcl.csproj", "{EB9C0A22-6644-46E4-948C-F7C95E1F8CE1}"
EndProject
Global
	GlobalSection(SolutionConfigurationPlatforms) = preSolution
		Ad-Hoc|Android = Ad-Hoc|Android
		Ad-Hoc|Any CPU = Ad-Hoc|Any CPU
		Ad-Hoc|iPhone = Ad-Hoc|iPhone
		Ad-Hoc|iPhoneSimulator = Ad-Hoc|iPhoneSimulator
		Ad-Hoc|Mac = Ad-Hoc|Mac
		Ad-Hoc|Mixed Platforms = Ad-Hoc|Mixed Platforms
		Ad-Hoc|x86 = Ad-Hoc|x86
		AppStore|Android = AppStore|Android
		AppStore|Any CPU = AppStore|Any CPU
		AppStore|iPhone = AppStore|iPhone
		AppStore|iPhoneSimulator = AppStore|iPhoneSimulator
		AppStore|Mac = AppStore|Mac
		AppStore|Mixed Platforms = AppStore|Mixed Platforms
		AppStore|x86 = AppStore|x86
		Debug|Android = Debug|Android
		Debug|Any CPU = Debug|Any CPU
		Debug|iPhone = Debug|iPhone
		Debug|iPhoneSimulator = Debug|iPhoneSimulator
		Debug|Mac = Debug|Mac
		Debug|Mixed Platforms = Debug|Mixed Platforms
		Debug|x86 = Debug|x86
		Release|Android = Release|Android
		Release|Any CPU = Release|Any CPU
		Release|iPhone = Release|iPhone
		Release|iPhoneSimulator = Release|iPhoneSimulator
		Release|Mac = Release|Mac
		Release|Mixed Platforms = Release|Mixed Platforms
		Release|x86 = Release|x86
	EndGlobalSection
	GlobalSection(ProjectConfigurationPlatforms) = postSolution
		{E711B298-D141-4EC5-9BFD-84962B264F90}.Ad-Hoc|Android.ActiveCfg = Release|Any CPU
		{E711B298-D141-4EC5-9BFD-84962B264F90}.Ad-Hoc|Any CPU.ActiveCfg = Release|Any CPU
		{E711B298-D141-4EC5-9BFD-84962B264F90}.Ad-Hoc|Any CPU.Build.0 = Release|Any CPU
		{E711B298-D141-4EC5-9BFD-84962B264F90}.Ad-Hoc|iPhone.ActiveCfg = Release|Any CPU
		{E711B298-D141-4EC5-9BFD-84962B264F90}.Ad-Hoc|iPhoneSimulator.ActiveCfg = Release|Any CPU
		{E711B298-D141-4EC5-9BFD-84962B264F90}.Ad-Hoc|Mac.ActiveCfg = Release|Any CPU
		{E711B298-D141-4EC5-9BFD-84962B264F90}.Ad-Hoc|Mixed Platforms.ActiveCfg = Release|Any CPU
		{E711B298-D141-4EC5-9BFD-84962B264F90}.Ad-Hoc|Mixed Platforms.Build.0 = Release|Any CPU
		{E711B298-D141-4EC5-9BFD-84962B264F90}.Ad-Hoc|x86.ActiveCfg = Release|Any CPU
		{E711B298-D141-4EC5-9BFD-84962B264F90}.AppStore|Android.ActiveCfg = Release|Any CPU
		{E711B298-D141-4EC5-9BFD-84962B264F90}.AppStore|Any CPU.ActiveCfg = Release|Any CPU
		{E711B298-D141-4EC5-9BFD-84962B264F90}.AppStore|Any CPU.Build.0 = Release|Any CPU
		{E711B298-D141-4EC5-9BFD-84962B264F90}.AppStore|iPhone.ActiveCfg = Release|Any CPU
		{E711B298-D141-4EC5-9BFD-84962B264F90}.AppStore|iPhoneSimulator.ActiveCfg = Release|Any CPU
		{E711B298-D141-4EC5-9BFD-84962B264F90}.AppStore|Mac.ActiveCfg = Release|Any CPU
		{E711B298-D141-4EC5-9BFD-84962B264F90}.AppStore|Mixed Platforms.ActiveCfg = Release|Any CPU
		{E711B298-D141-4EC5-9BFD-84962B264F90}.AppStore|Mixed Platforms.Build.0 = Release|Any CPU
		{E711B298-D141-4EC5-9BFD-84962B264F90}.AppStore|x86.ActiveCfg = Release|Any CPU
		{E711B298-D141-4EC5-9BFD-84962B264F90}.Debug|Android.ActiveCfg = Debug|Any CPU
		{E711B298-D141-4EC5-9BFD-84962B264F90}.Debug|Any CPU.ActiveCfg = Debug|Any CPU
		{E711B298-D141-4EC5-9BFD-84962B264F90}.Debug|Any CPU.Build.0 = Debug|Any CPU
		{E711B298-D141-4EC5-9BFD-84962B264F90}.Debug|iPhone.ActiveCfg = Debug|Any CPU
		{E711B298-D141-4EC5-9BFD-84962B264F90}.Debug|iPhoneSimulator.ActiveCfg = Debug|Any CPU
		{E711B298-D141-4EC5-9BFD-84962B264F90}.Debug|Mac.ActiveCfg = Debug|Any CPU
		{E711B298-D141-4EC5-9BFD-84962B264F90}.Debug|Mixed Platforms.ActiveCfg = Debug|Any CPU
		{E711B298-D141-4EC5-9BFD-84962B264F90}.Debug|Mixed Platforms.Build.0 = Debug|Any CPU
		{E711B298-D141-4EC5-9BFD-84962B264F90}.Debug|x86.ActiveCfg = Debug|Any CPU
		{E711B298-D141-4EC5-9BFD-84962B264F90}.Release|Android.ActiveCfg = Release|Any CPU
		{E711B298-D141-4EC5-9BFD-84962B264F90}.Release|Any CPU.ActiveCfg = Release|Any CPU
		{E711B298-D141-4EC5-9BFD-84962B264F90}.Release|Any CPU.Build.0 = Release|Any CPU
		{E711B298-D141-4EC5-9BFD-84962B264F90}.Release|iPhone.ActiveCfg = Release|Any CPU
		{E711B298-D141-4EC5-9BFD-84962B264F90}.Release|iPhoneSimulator.ActiveCfg = Release|Any CPU
		{E711B298-D141-4EC5-9BFD-84962B264F90}.Release|Mac.ActiveCfg = Release|Any CPU
		{E711B298-D141-4EC5-9BFD-84962B264F90}.Release|Mixed Platforms.ActiveCfg = Release|Any CPU
		{E711B298-D141-4EC5-9BFD-84962B264F90}.Release|Mixed Platforms.Build.0 = Release|Any CPU
		{E711B298-D141-4EC5-9BFD-84962B264F90}.Release|x86.ActiveCfg = Release|Any CPU
		{AB42209E-E87F-4749-96CF-8CAE83981808}.Ad-Hoc|Android.ActiveCfg = Ad-Hoc|iPhone
		{AB42209E-E87F-4749-96CF-8CAE83981808}.Ad-Hoc|Any CPU.ActiveCfg = Ad-Hoc|iPhone
		{AB42209E-E87F-4749-96CF-8CAE83981808}.Ad-Hoc|iPhone.ActiveCfg = Ad-Hoc|iPhone
		{AB42209E-E87F-4749-96CF-8CAE83981808}.Ad-Hoc|iPhone.Build.0 = Ad-Hoc|iPhone
		{AB42209E-E87F-4749-96CF-8CAE83981808}.Ad-Hoc|iPhone.Deploy.0 = Ad-Hoc|iPhone
		{AB42209E-E87F-4749-96CF-8CAE83981808}.Ad-Hoc|iPhoneSimulator.ActiveCfg = Ad-Hoc|iPhoneSimulator
		{AB42209E-E87F-4749-96CF-8CAE83981808}.Ad-Hoc|iPhoneSimulator.Build.0 = Ad-Hoc|iPhoneSimulator
		{AB42209E-E87F-4749-96CF-8CAE83981808}.Ad-Hoc|iPhoneSimulator.Deploy.0 = Ad-Hoc|iPhoneSimulator
		{AB42209E-E87F-4749-96CF-8CAE83981808}.Ad-Hoc|Mac.ActiveCfg = Ad-Hoc|iPhone
		{AB42209E-E87F-4749-96CF-8CAE83981808}.Ad-Hoc|Mixed Platforms.ActiveCfg = Ad-Hoc|iPhone
		{AB42209E-E87F-4749-96CF-8CAE83981808}.Ad-Hoc|Mixed Platforms.Build.0 = Ad-Hoc|iPhone
		{AB42209E-E87F-4749-96CF-8CAE83981808}.Ad-Hoc|Mixed Platforms.Deploy.0 = Ad-Hoc|iPhone
		{AB42209E-E87F-4749-96CF-8CAE83981808}.Ad-Hoc|x86.ActiveCfg = Ad-Hoc|iPhone
		{AB42209E-E87F-4749-96CF-8CAE83981808}.AppStore|Android.ActiveCfg = AppStore|iPhone
		{AB42209E-E87F-4749-96CF-8CAE83981808}.AppStore|Any CPU.ActiveCfg = AppStore|iPhone
		{AB42209E-E87F-4749-96CF-8CAE83981808}.AppStore|iPhone.ActiveCfg = AppStore|iPhone
		{AB42209E-E87F-4749-96CF-8CAE83981808}.AppStore|iPhone.Build.0 = AppStore|iPhone
		{AB42209E-E87F-4749-96CF-8CAE83981808}.AppStore|iPhone.Deploy.0 = AppStore|iPhone
		{AB42209E-E87F-4749-96CF-8CAE83981808}.AppStore|iPhoneSimulator.ActiveCfg = AppStore|iPhoneSimulator
		{AB42209E-E87F-4749-96CF-8CAE83981808}.AppStore|iPhoneSimulator.Build.0 = AppStore|iPhoneSimulator
		{AB42209E-E87F-4749-96CF-8CAE83981808}.AppStore|iPhoneSimulator.Deploy.0 = AppStore|iPhoneSimulator
		{AB42209E-E87F-4749-96CF-8CAE83981808}.AppStore|Mac.ActiveCfg = AppStore|iPhone
		{AB42209E-E87F-4749-96CF-8CAE83981808}.AppStore|Mixed Platforms.ActiveCfg = AppStore|iPhone
		{AB42209E-E87F-4749-96CF-8CAE83981808}.AppStore|Mixed Platforms.Build.0 = AppStore|iPhone
		{AB42209E-E87F-4749-96CF-8CAE83981808}.AppStore|Mixed Platforms.Deploy.0 = AppStore|iPhone
		{AB42209E-E87F-4749-96CF-8CAE83981808}.AppStore|x86.ActiveCfg = AppStore|iPhone
		{AB42209E-E87F-4749-96CF-8CAE83981808}.Debug|Android.ActiveCfg = Debug|iPhone
		{AB42209E-E87F-4749-96CF-8CAE83981808}.Debug|Any CPU.ActiveCfg = Debug|iPhone
		{AB42209E-E87F-4749-96CF-8CAE83981808}.Debug|iPhone.ActiveCfg = Debug|iPhone
		{AB42209E-E87F-4749-96CF-8CAE83981808}.Debug|iPhone.Build.0 = Debug|iPhone
		{AB42209E-E87F-4749-96CF-8CAE83981808}.Debug|iPhone.Deploy.0 = Debug|iPhone
		{AB42209E-E87F-4749-96CF-8CAE83981808}.Debug|iPhoneSimulator.ActiveCfg = Debug|iPhoneSimulator
		{AB42209E-E87F-4749-96CF-8CAE83981808}.Debug|iPhoneSimulator.Build.0 = Debug|iPhoneSimulator
		{AB42209E-E87F-4749-96CF-8CAE83981808}.Debug|iPhoneSimulator.Deploy.0 = Debug|iPhoneSimulator
		{AB42209E-E87F-4749-96CF-8CAE83981808}.Debug|Mac.ActiveCfg = Debug|iPhone
		{AB42209E-E87F-4749-96CF-8CAE83981808}.Debug|Mixed Platforms.ActiveCfg = Debug|iPhone
		{AB42209E-E87F-4749-96CF-8CAE83981808}.Debug|Mixed Platforms.Build.0 = Debug|iPhone
		{AB42209E-E87F-4749-96CF-8CAE83981808}.Debug|Mixed Platforms.Deploy.0 = Debug|iPhone
		{AB42209E-E87F-4749-96CF-8CAE83981808}.Debug|x86.ActiveCfg = Debug|iPhone
		{AB42209E-E87F-4749-96CF-8CAE83981808}.Release|Android.ActiveCfg = Release|iPhone
		{AB42209E-E87F-4749-96CF-8CAE83981808}.Release|Any CPU.ActiveCfg = Release|iPhone
		{AB42209E-E87F-4749-96CF-8CAE83981808}.Release|iPhone.ActiveCfg = Release|iPhone
		{AB42209E-E87F-4749-96CF-8CAE83981808}.Release|iPhone.Build.0 = Release|iPhone
		{AB42209E-E87F-4749-96CF-8CAE83981808}.Release|iPhone.Deploy.0 = Release|iPhone
		{AB42209E-E87F-4749-96CF-8CAE83981808}.Release|iPhoneSimulator.ActiveCfg = Release|iPhoneSimulator
		{AB42209E-E87F-4749-96CF-8CAE83981808}.Release|iPhoneSimulator.Build.0 = Release|iPhoneSimulator
		{AB42209E-E87F-4749-96CF-8CAE83981808}.Release|iPhoneSimulator.Deploy.0 = Release|iPhoneSimulator
		{AB42209E-E87F-4749-96CF-8CAE83981808}.Release|Mac.ActiveCfg = Release|iPhone
		{AB42209E-E87F-4749-96CF-8CAE83981808}.Release|Mixed Platforms.ActiveCfg = Release|iPhone
		{AB42209E-E87F-4749-96CF-8CAE83981808}.Release|Mixed Platforms.Build.0 = Release|iPhone
		{AB42209E-E87F-4749-96CF-8CAE83981808}.Release|Mixed Platforms.Deploy.0 = Release|iPhone
		{AB42209E-E87F-4749-96CF-8CAE83981808}.Release|x86.ActiveCfg = Release|iPhone
		{35EF0A4E-2A1A-492C-8BED-106774EA09F2}.Ad-Hoc|Android.ActiveCfg = Release|Any CPU
		{35EF0A4E-2A1A-492C-8BED-106774EA09F2}.Ad-Hoc|Any CPU.ActiveCfg = Release|Any CPU
		{35EF0A4E-2A1A-492C-8BED-106774EA09F2}.Ad-Hoc|Any CPU.Build.0 = Release|Any CPU
		{35EF0A4E-2A1A-492C-8BED-106774EA09F2}.Ad-Hoc|iPhone.ActiveCfg = Release|Any CPU
		{35EF0A4E-2A1A-492C-8BED-106774EA09F2}.Ad-Hoc|iPhoneSimulator.ActiveCfg = Release|Any CPU
		{35EF0A4E-2A1A-492C-8BED-106774EA09F2}.Ad-Hoc|Mac.ActiveCfg = Release|Any CPU
		{35EF0A4E-2A1A-492C-8BED-106774EA09F2}.Ad-Hoc|Mixed Platforms.ActiveCfg = Release|Any CPU
		{35EF0A4E-2A1A-492C-8BED-106774EA09F2}.Ad-Hoc|Mixed Platforms.Build.0 = Release|Any CPU
		{35EF0A4E-2A1A-492C-8BED-106774EA09F2}.Ad-Hoc|x86.ActiveCfg = Release|Any CPU
		{35EF0A4E-2A1A-492C-8BED-106774EA09F2}.AppStore|Android.ActiveCfg = Release|Any CPU
		{35EF0A4E-2A1A-492C-8BED-106774EA09F2}.AppStore|Any CPU.ActiveCfg = Release|Any CPU
		{35EF0A4E-2A1A-492C-8BED-106774EA09F2}.AppStore|Any CPU.Build.0 = Release|Any CPU
		{35EF0A4E-2A1A-492C-8BED-106774EA09F2}.AppStore|iPhone.ActiveCfg = Release|Any CPU
		{35EF0A4E-2A1A-492C-8BED-106774EA09F2}.AppStore|iPhoneSimulator.ActiveCfg = Release|Any CPU
		{35EF0A4E-2A1A-492C-8BED-106774EA09F2}.AppStore|Mac.ActiveCfg = Release|Any CPU
		{35EF0A4E-2A1A-492C-8BED-106774EA09F2}.AppStore|Mixed Platforms.ActiveCfg = Release|Any CPU
		{35EF0A4E-2A1A-492C-8BED-106774EA09F2}.AppStore|Mixed Platforms.Build.0 = Release|Any CPU
		{35EF0A4E-2A1A-492C-8BED-106774EA09F2}.AppStore|x86.ActiveCfg = Release|Any CPU
		{35EF0A4E-2A1A-492C-8BED-106774EA09F2}.Debug|Android.ActiveCfg = Debug|Any CPU
		{35EF0A4E-2A1A-492C-8BED-106774EA09F2}.Debug|Any CPU.ActiveCfg = Debug|Any CPU
		{35EF0A4E-2A1A-492C-8BED-106774EA09F2}.Debug|Any CPU.Build.0 = Debug|Any CPU
		{35EF0A4E-2A1A-492C-8BED-106774EA09F2}.Debug|iPhone.ActiveCfg = Debug|Any CPU
		{35EF0A4E-2A1A-492C-8BED-106774EA09F2}.Debug|iPhoneSimulator.ActiveCfg = Debug|Any CPU
		{35EF0A4E-2A1A-492C-8BED-106774EA09F2}.Debug|Mac.ActiveCfg = Debug|Any CPU
		{35EF0A4E-2A1A-492C-8BED-106774EA09F2}.Debug|Mixed Platforms.ActiveCfg = Debug|Any CPU
		{35EF0A4E-2A1A-492C-8BED-106774EA09F2}.Debug|Mixed Platforms.Build.0 = Debug|Any CPU
		{35EF0A4E-2A1A-492C-8BED-106774EA09F2}.Debug|x86.ActiveCfg = Debug|Any CPU
		{35EF0A4E-2A1A-492C-8BED-106774EA09F2}.Release|Android.ActiveCfg = Release|Any CPU
		{35EF0A4E-2A1A-492C-8BED-106774EA09F2}.Release|Any CPU.ActiveCfg = Release|Any CPU
		{35EF0A4E-2A1A-492C-8BED-106774EA09F2}.Release|Any CPU.Build.0 = Release|Any CPU
		{35EF0A4E-2A1A-492C-8BED-106774EA09F2}.Release|iPhone.ActiveCfg = Release|Any CPU
		{35EF0A4E-2A1A-492C-8BED-106774EA09F2}.Release|iPhoneSimulator.ActiveCfg = Release|Any CPU
		{35EF0A4E-2A1A-492C-8BED-106774EA09F2}.Release|Mac.ActiveCfg = Release|Any CPU
		{35EF0A4E-2A1A-492C-8BED-106774EA09F2}.Release|Mixed Platforms.ActiveCfg = Release|Any CPU
		{35EF0A4E-2A1A-492C-8BED-106774EA09F2}.Release|Mixed Platforms.Build.0 = Release|Any CPU
		{35EF0A4E-2A1A-492C-8BED-106774EA09F2}.Release|x86.ActiveCfg = Release|Any CPU
		{3F8178EF-0710-43F7-92E2-130B9BE2212D}.Ad-Hoc|Android.ActiveCfg = Release|Android
		{3F8178EF-0710-43F7-92E2-130B9BE2212D}.Ad-Hoc|Android.Build.0 = Release|Android
		{3F8178EF-0710-43F7-92E2-130B9BE2212D}.Ad-Hoc|Any CPU.ActiveCfg = Release|Any CPU
		{3F8178EF-0710-43F7-92E2-130B9BE2212D}.Ad-Hoc|Any CPU.Build.0 = Release|Any CPU
		{3F8178EF-0710-43F7-92E2-130B9BE2212D}.Ad-Hoc|iPhone.ActiveCfg = Release|iPhone
		{3F8178EF-0710-43F7-92E2-130B9BE2212D}.Ad-Hoc|iPhone.Build.0 = Release|iPhone
		{3F8178EF-0710-43F7-92E2-130B9BE2212D}.Ad-Hoc|iPhoneSimulator.ActiveCfg = Release|iPhoneSimulator
		{3F8178EF-0710-43F7-92E2-130B9BE2212D}.Ad-Hoc|iPhoneSimulator.Build.0 = Release|iPhoneSimulator
		{3F8178EF-0710-43F7-92E2-130B9BE2212D}.Ad-Hoc|Mac.ActiveCfg = Release|Mac
		{3F8178EF-0710-43F7-92E2-130B9BE2212D}.Ad-Hoc|Mac.Build.0 = Release|Mac
		{3F8178EF-0710-43F7-92E2-130B9BE2212D}.Ad-Hoc|Mixed Platforms.ActiveCfg = Release|x86
		{3F8178EF-0710-43F7-92E2-130B9BE2212D}.Ad-Hoc|Mixed Platforms.Build.0 = Release|x86
		{3F8178EF-0710-43F7-92E2-130B9BE2212D}.Ad-Hoc|x86.ActiveCfg = Release|x86
		{3F8178EF-0710-43F7-92E2-130B9BE2212D}.Ad-Hoc|x86.Build.0 = Release|x86
		{3F8178EF-0710-43F7-92E2-130B9BE2212D}.AppStore|Android.ActiveCfg = Release|Android
		{3F8178EF-0710-43F7-92E2-130B9BE2212D}.AppStore|Android.Build.0 = Release|Android
		{3F8178EF-0710-43F7-92E2-130B9BE2212D}.AppStore|Any CPU.ActiveCfg = Release|Any CPU
		{3F8178EF-0710-43F7-92E2-130B9BE2212D}.AppStore|Any CPU.Build.0 = Release|Any CPU
		{3F8178EF-0710-43F7-92E2-130B9BE2212D}.AppStore|iPhone.ActiveCfg = Release|iPhone
		{3F8178EF-0710-43F7-92E2-130B9BE2212D}.AppStore|iPhone.Build.0 = Release|iPhone
		{3F8178EF-0710-43F7-92E2-130B9BE2212D}.AppStore|iPhoneSimulator.ActiveCfg = Release|iPhoneSimulator
		{3F8178EF-0710-43F7-92E2-130B9BE2212D}.AppStore|iPhoneSimulator.Build.0 = Release|iPhoneSimulator
		{3F8178EF-0710-43F7-92E2-130B9BE2212D}.AppStore|Mac.ActiveCfg = Release|Mac
		{3F8178EF-0710-43F7-92E2-130B9BE2212D}.AppStore|Mac.Build.0 = Release|Mac
		{3F8178EF-0710-43F7-92E2-130B9BE2212D}.AppStore|Mixed Platforms.ActiveCfg = Release|x86
		{3F8178EF-0710-43F7-92E2-130B9BE2212D}.AppStore|Mixed Platforms.Build.0 = Release|x86
		{3F8178EF-0710-43F7-92E2-130B9BE2212D}.AppStore|x86.ActiveCfg = Release|x86
		{3F8178EF-0710-43F7-92E2-130B9BE2212D}.AppStore|x86.Build.0 = Release|x86
		{3F8178EF-0710-43F7-92E2-130B9BE2212D}.Debug|Android.ActiveCfg = Debug|Android
		{3F8178EF-0710-43F7-92E2-130B9BE2212D}.Debug|Android.Build.0 = Debug|Android
		{3F8178EF-0710-43F7-92E2-130B9BE2212D}.Debug|Any CPU.ActiveCfg = Debug|Any CPU
		{3F8178EF-0710-43F7-92E2-130B9BE2212D}.Debug|Any CPU.Build.0 = Debug|Any CPU
		{3F8178EF-0710-43F7-92E2-130B9BE2212D}.Debug|iPhone.ActiveCfg = Debug|iPhone
		{3F8178EF-0710-43F7-92E2-130B9BE2212D}.Debug|iPhone.Build.0 = Debug|iPhone
		{3F8178EF-0710-43F7-92E2-130B9BE2212D}.Debug|iPhoneSimulator.ActiveCfg = Debug|iPhoneSimulator
		{3F8178EF-0710-43F7-92E2-130B9BE2212D}.Debug|iPhoneSimulator.Build.0 = Debug|iPhoneSimulator
		{3F8178EF-0710-43F7-92E2-130B9BE2212D}.Debug|Mac.ActiveCfg = Debug|Mac
		{3F8178EF-0710-43F7-92E2-130B9BE2212D}.Debug|Mac.Build.0 = Debug|Mac
		{3F8178EF-0710-43F7-92E2-130B9BE2212D}.Debug|Mixed Platforms.ActiveCfg = Debug|x86
		{3F8178EF-0710-43F7-92E2-130B9BE2212D}.Debug|Mixed Platforms.Build.0 = Debug|x86
		{3F8178EF-0710-43F7-92E2-130B9BE2212D}.Debug|x86.ActiveCfg = Debug|x86
		{3F8178EF-0710-43F7-92E2-130B9BE2212D}.Debug|x86.Build.0 = Debug|x86
		{3F8178EF-0710-43F7-92E2-130B9BE2212D}.Release|Android.ActiveCfg = Release|Android
		{3F8178EF-0710-43F7-92E2-130B9BE2212D}.Release|Android.Build.0 = Release|Android
		{3F8178EF-0710-43F7-92E2-130B9BE2212D}.Release|Any CPU.ActiveCfg = Release|Any CPU
		{3F8178EF-0710-43F7-92E2-130B9BE2212D}.Release|Any CPU.Build.0 = Release|Any CPU
		{3F8178EF-0710-43F7-92E2-130B9BE2212D}.Release|iPhone.ActiveCfg = Release|iPhone
		{3F8178EF-0710-43F7-92E2-130B9BE2212D}.Release|iPhone.Build.0 = Release|iPhone
		{3F8178EF-0710-43F7-92E2-130B9BE2212D}.Release|iPhoneSimulator.ActiveCfg = Release|iPhoneSimulator
		{3F8178EF-0710-43F7-92E2-130B9BE2212D}.Release|iPhoneSimulator.Build.0 = Release|iPhoneSimulator
		{3F8178EF-0710-43F7-92E2-130B9BE2212D}.Release|Mac.ActiveCfg = Release|Mac
		{3F8178EF-0710-43F7-92E2-130B9BE2212D}.Release|Mac.Build.0 = Release|Mac
		{3F8178EF-0710-43F7-92E2-130B9BE2212D}.Release|Mixed Platforms.ActiveCfg = Release|x86
		{3F8178EF-0710-43F7-92E2-130B9BE2212D}.Release|Mixed Platforms.Build.0 = Release|x86
		{3F8178EF-0710-43F7-92E2-130B9BE2212D}.Release|x86.ActiveCfg = Release|x86
		{3F8178EF-0710-43F7-92E2-130B9BE2212D}.Release|x86.Build.0 = Release|x86
		{EB9C0A22-6644-46E4-948C-F7C95E1F8CE1}.Ad-Hoc|Android.ActiveCfg = Release|Android
		{EB9C0A22-6644-46E4-948C-F7C95E1F8CE1}.Ad-Hoc|Android.Build.0 = Release|Android
		{EB9C0A22-6644-46E4-948C-F7C95E1F8CE1}.Ad-Hoc|Any CPU.ActiveCfg = Release|Any CPU
		{EB9C0A22-6644-46E4-948C-F7C95E1F8CE1}.Ad-Hoc|Any CPU.Build.0 = Release|Any CPU
		{EB9C0A22-6644-46E4-948C-F7C95E1F8CE1}.Ad-Hoc|iPhone.ActiveCfg = Release|iPhone
		{EB9C0A22-6644-46E4-948C-F7C95E1F8CE1}.Ad-Hoc|iPhone.Build.0 = Release|iPhone
		{EB9C0A22-6644-46E4-948C-F7C95E1F8CE1}.Ad-Hoc|iPhoneSimulator.ActiveCfg = Release|iPhoneSimulator
		{EB9C0A22-6644-46E4-948C-F7C95E1F8CE1}.Ad-Hoc|iPhoneSimulator.Build.0 = Release|iPhoneSimulator
		{EB9C0A22-6644-46E4-948C-F7C95E1F8CE1}.Ad-Hoc|Mac.ActiveCfg = Release|Mac
		{EB9C0A22-6644-46E4-948C-F7C95E1F8CE1}.Ad-Hoc|Mac.Build.0 = Release|Mac
		{EB9C0A22-6644-46E4-948C-F7C95E1F8CE1}.Ad-Hoc|Mixed Platforms.ActiveCfg = Release|x86
		{EB9C0A22-6644-46E4-948C-F7C95E1F8CE1}.Ad-Hoc|Mixed Platforms.Build.0 = Release|x86
		{EB9C0A22-6644-46E4-948C-F7C95E1F8CE1}.Ad-Hoc|x86.ActiveCfg = Release|x86
		{EB9C0A22-6644-46E4-948C-F7C95E1F8CE1}.Ad-Hoc|x86.Build.0 = Release|x86
		{EB9C0A22-6644-46E4-948C-F7C95E1F8CE1}.AppStore|Android.ActiveCfg = Release|Android
		{EB9C0A22-6644-46E4-948C-F7C95E1F8CE1}.AppStore|Android.Build.0 = Release|Android
		{EB9C0A22-6644-46E4-948C-F7C95E1F8CE1}.AppStore|Any CPU.ActiveCfg = Release|Any CPU
		{EB9C0A22-6644-46E4-948C-F7C95E1F8CE1}.AppStore|Any CPU.Build.0 = Release|Any CPU
		{EB9C0A22-6644-46E4-948C-F7C95E1F8CE1}.AppStore|iPhone.ActiveCfg = Release|iPhone
		{EB9C0A22-6644-46E4-948C-F7C95E1F8CE1}.AppStore|iPhone.Build.0 = Release|iPhone
		{EB9C0A22-6644-46E4-948C-F7C95E1F8CE1}.AppStore|iPhoneSimulator.ActiveCfg = Release|iPhoneSimulator
		{EB9C0A22-6644-46E4-948C-F7C95E1F8CE1}.AppStore|iPhoneSimulator.Build.0 = Release|iPhoneSimulator
		{EB9C0A22-6644-46E4-948C-F7C95E1F8CE1}.AppStore|Mac.ActiveCfg = Release|Mac
		{EB9C0A22-6644-46E4-948C-F7C95E1F8CE1}.AppStore|Mac.Build.0 = Release|Mac
		{EB9C0A22-6644-46E4-948C-F7C95E1F8CE1}.AppStore|Mixed Platforms.ActiveCfg = Release|x86
		{EB9C0A22-6644-46E4-948C-F7C95E1F8CE1}.AppStore|Mixed Platforms.Build.0 = Release|x86
		{EB9C0A22-6644-46E4-948C-F7C95E1F8CE1}.AppStore|x86.ActiveCfg = Release|x86
		{EB9C0A22-6644-46E4-948C-F7C95E1F8CE1}.AppStore|x86.Build.0 = Release|x86
		{EB9C0A22-6644-46E4-948C-F7C95E1F8CE1}.Debug|Android.ActiveCfg = Debug|Android
		{EB9C0A22-6644-46E4-948C-F7C95E1F8CE1}.Debug|Android.Build.0 = Debug|Android
		{EB9C0A22-6644-46E4-948C-F7C95E1F8CE1}.Debug|Any CPU.ActiveCfg = Debug|Any CPU
		{EB9C0A22-6644-46E4-948C-F7C95E1F8CE1}.Debug|Any CPU.Build.0 = Debug|Any CPU
		{EB9C0A22-6644-46E4-948C-F7C95E1F8CE1}.Debug|iPhone.ActiveCfg = Debug|iPhone
		{EB9C0A22-6644-46E4-948C-F7C95E1F8CE1}.Debug|iPhone.Build.0 = Debug|iPhone
		{EB9C0A22-6644-46E4-948C-F7C95E1F8CE1}.Debug|iPhoneSimulator.ActiveCfg = Debug|iPhoneSimulator
		{EB9C0A22-6644-46E4-948C-F7C95E1F8CE1}.Debug|iPhoneSimulator.Build.0 = Debug|iPhoneSimulator
		{EB9C0A22-6644-46E4-948C-F7C95E1F8CE1}.Debug|Mac.ActiveCfg = Debug|Mac
		{EB9C0A22-6644-46E4-948C-F7C95E1F8CE1}.Debug|Mac.Build.0 = Debug|Mac
		{EB9C0A22-6644-46E4-948C-F7C95E1F8CE1}.Debug|Mixed Platforms.ActiveCfg = Debug|x86
		{EB9C0A22-6644-46E4-948C-F7C95E1F8CE1}.Debug|Mixed Platforms.Build.0 = Debug|x86
		{EB9C0A22-6644-46E4-948C-F7C95E1F8CE1}.Debug|x86.ActiveCfg = Debug|x86
		{EB9C0A22-6644-46E4-948C-F7C95E1F8CE1}.Debug|x86.Build.0 = Debug|x86
		{EB9C0A22-6644-46E4-948C-F7C95E1F8CE1}.Release|Android.ActiveCfg = Release|Android
		{EB9C0A22-6644-46E4-948C-F7C95E1F8CE1}.Release|Android.Build.0 = Release|Android
		{EB9C0A22-6644-46E4-948C-F7C95E1F8CE1}.Release|Any CPU.ActiveCfg = Release|Any CPU
		{EB9C0A22-6644-46E4-948C-F7C95E1F8CE1}.Release|Any CPU.Build.0 = Release|Any CPU
		{EB9C0A22-6644-46E4-948C-F7C95E1F8CE1}.Release|iPhone.ActiveCfg = Release|iPhone
		{EB9C0A22-6644-46E4-948C-F7C95E1F8CE1}.Release|iPhone.Build.0 = Release|iPhone
		{EB9C0A22-6644-46E4-948C-F7C95E1F8CE1}.Release|iPhoneSimulator.ActiveCfg = Release|iPhoneSimulator
		{EB9C0A22-6644-46E4-948C-F7C95E1F8CE1}.Release|iPhoneSimulator.Build.0 = Release|iPhoneSimulator
		{EB9C0A22-6644-46E4-948C-F7C95E1F8CE1}.Release|Mac.ActiveCfg = Release|Mac
		{EB9C0A22-6644-46E4-948C-F7C95E1F8CE1}.Release|Mac.Build.0 = Release|Mac
		{EB9C0A22-6644-46E4-948C-F7C95E1F8CE1}.Release|Mixed Platforms.ActiveCfg = Release|x86
		{EB9C0A22-6644-46E4-948C-F7C95E1F8CE1}.Release|Mixed Platforms.Build.0 = Release|x86
		{EB9C0A22-6644-46E4-948C-F7C95E1F8CE1}.Release|x86.ActiveCfg = Release|x86
		{EB9C0A22-6644-46E4-948C-F7C95E1F8CE1}.Release|x86.Build.0 = Release|x86
	EndGlobalSection
	GlobalSection(SolutionProperties) = preSolution
		HideSolutionNode = FALSE
	EndGlobalSection
EndGlobal
