Microsoft Visual Studio Solution File, Format Version 12.00
# Visual Studio 2012
Project("{FAE04EC0-301F-11D3-BF4B-00C04F79EFBC}") = "Eto.Pcl", "Eto\Eto.Pcl.csproj", "{35EF0A4E-2A1A-492C-8BED-106774EA09F2}"
EndProject
Project("{FAE04EC0-301F-11D3-BF4B-00C04F79EFBC}") = "Eto.Json.Pcl", "Eto.Json\Eto.Json.Pcl.csproj", "{3F8178EF-0710-43F7-92E2-130B9BE2212D}"
EndProject
Project("{FAE04EC0-301F-11D3-BF4B-00C04F79EFBC}") = "Eto.Test.Pcl", "Eto.Test\Eto.Test\Eto.Test.Pcl.csproj", "{EB9C0A22-6644-46E4-948C-F7C95E1F8CE1}"
EndProject
Project("{FAE04EC0-301F-11D3-BF4B-00C04F79EFBC}") = "Eto.Test.Xaml", "Eto.Test\Eto.Test.Xaml\Eto.Test.Xaml.csproj", "{DFAC63ED-7563-4F09-97E0-9FC3F0FD552F}"
EndProject
Project("{FAE04EC0-301F-11D3-BF4B-00C04F79EFBC}") = "Eto.Platform.Xaml", "Eto.Platform.Xaml\Eto.Platform.Xaml.csproj", "{4C2B4FA7-5C94-4582-82CB-FC856BEBFE75}"
EndProject
Global
	GlobalSection(SolutionConfigurationPlatforms) = preSolution
		Debug|Android = Debug|Android
		Debug|Any CPU = Debug|Any CPU
		Debug|ARM = Debug|ARM
		Debug|iPhone = Debug|iPhone
		Debug|iPhoneSimulator = Debug|iPhoneSimulator
		Debug|Mac = Debug|Mac
		Debug|Mixed Platforms = Debug|Mixed Platforms
		Debug|x64 = Debug|x64
		Debug|x86 = Debug|x86
		Release|Android = Release|Android
		Release|Any CPU = Release|Any CPU
		Release|ARM = Release|ARM
		Release|iPhone = Release|iPhone
		Release|iPhoneSimulator = Release|iPhoneSimulator
		Release|Mac = Release|Mac
		Release|Mixed Platforms = Release|Mixed Platforms
		Release|x64 = Release|x64
		Release|x86 = Release|x86
	EndGlobalSection
	GlobalSection(ProjectConfigurationPlatforms) = postSolution
		{35EF0A4E-2A1A-492C-8BED-106774EA09F2}.Debug|Android.ActiveCfg = Debug|Any CPU
		{35EF0A4E-2A1A-492C-8BED-106774EA09F2}.Debug|Any CPU.ActiveCfg = Debug|Any CPU
		{35EF0A4E-2A1A-492C-8BED-106774EA09F2}.Debug|Any CPU.Build.0 = Debug|Any CPU
		{35EF0A4E-2A1A-492C-8BED-106774EA09F2}.Debug|ARM.ActiveCfg = Debug|Any CPU
		{35EF0A4E-2A1A-492C-8BED-106774EA09F2}.Debug|iPhone.ActiveCfg = Debug|Any CPU
		{35EF0A4E-2A1A-492C-8BED-106774EA09F2}.Debug|iPhoneSimulator.ActiveCfg = Debug|Any CPU
		{35EF0A4E-2A1A-492C-8BED-106774EA09F2}.Debug|Mac.ActiveCfg = Debug|Any CPU
		{35EF0A4E-2A1A-492C-8BED-106774EA09F2}.Debug|Mixed Platforms.ActiveCfg = Debug|Any CPU
		{35EF0A4E-2A1A-492C-8BED-106774EA09F2}.Debug|Mixed Platforms.Build.0 = Debug|Any CPU
		{35EF0A4E-2A1A-492C-8BED-106774EA09F2}.Debug|x64.ActiveCfg = Debug|Any CPU
		{35EF0A4E-2A1A-492C-8BED-106774EA09F2}.Debug|x86.ActiveCfg = Debug|Any CPU
		{35EF0A4E-2A1A-492C-8BED-106774EA09F2}.Release|Android.ActiveCfg = Release|Any CPU
		{35EF0A4E-2A1A-492C-8BED-106774EA09F2}.Release|Any CPU.ActiveCfg = Release|Any CPU
		{35EF0A4E-2A1A-492C-8BED-106774EA09F2}.Release|Any CPU.Build.0 = Release|Any CPU
		{35EF0A4E-2A1A-492C-8BED-106774EA09F2}.Release|ARM.ActiveCfg = Release|Any CPU
		{35EF0A4E-2A1A-492C-8BED-106774EA09F2}.Release|iPhone.ActiveCfg = Release|Any CPU
		{35EF0A4E-2A1A-492C-8BED-106774EA09F2}.Release|iPhoneSimulator.ActiveCfg = Release|Any CPU
		{35EF0A4E-2A1A-492C-8BED-106774EA09F2}.Release|Mac.ActiveCfg = Release|Any CPU
		{35EF0A4E-2A1A-492C-8BED-106774EA09F2}.Release|Mixed Platforms.ActiveCfg = Release|Any CPU
		{35EF0A4E-2A1A-492C-8BED-106774EA09F2}.Release|Mixed Platforms.Build.0 = Release|Any CPU
		{35EF0A4E-2A1A-492C-8BED-106774EA09F2}.Release|x64.ActiveCfg = Release|Any CPU
		{35EF0A4E-2A1A-492C-8BED-106774EA09F2}.Release|x86.ActiveCfg = Release|Any CPU
		{3F8178EF-0710-43F7-92E2-130B9BE2212D}.Debug|Android.ActiveCfg = Debug|Android
		{3F8178EF-0710-43F7-92E2-130B9BE2212D}.Debug|Android.Build.0 = Debug|Android
		{3F8178EF-0710-43F7-92E2-130B9BE2212D}.Debug|Any CPU.ActiveCfg = Debug|Any CPU
		{3F8178EF-0710-43F7-92E2-130B9BE2212D}.Debug|Any CPU.Build.0 = Debug|Any CPU
		{3F8178EF-0710-43F7-92E2-130B9BE2212D}.Debug|ARM.ActiveCfg = Debug|Any CPU
		{3F8178EF-0710-43F7-92E2-130B9BE2212D}.Debug|iPhone.ActiveCfg = Debug|iPhone
		{3F8178EF-0710-43F7-92E2-130B9BE2212D}.Debug|iPhone.Build.0 = Debug|iPhone
		{3F8178EF-0710-43F7-92E2-130B9BE2212D}.Debug|iPhoneSimulator.ActiveCfg = Debug|iPhoneSimulator
		{3F8178EF-0710-43F7-92E2-130B9BE2212D}.Debug|iPhoneSimulator.Build.0 = Debug|iPhoneSimulator
		{3F8178EF-0710-43F7-92E2-130B9BE2212D}.Debug|Mac.ActiveCfg = Debug|Mac
		{3F8178EF-0710-43F7-92E2-130B9BE2212D}.Debug|Mac.Build.0 = Debug|Mac
		{3F8178EF-0710-43F7-92E2-130B9BE2212D}.Debug|Mixed Platforms.ActiveCfg = Debug|x86
		{3F8178EF-0710-43F7-92E2-130B9BE2212D}.Debug|Mixed Platforms.Build.0 = Debug|x86
		{3F8178EF-0710-43F7-92E2-130B9BE2212D}.Debug|x64.ActiveCfg = Debug|Any CPU
		{3F8178EF-0710-43F7-92E2-130B9BE2212D}.Debug|x86.ActiveCfg = Debug|x86
		{3F8178EF-0710-43F7-92E2-130B9BE2212D}.Debug|x86.Build.0 = Debug|x86
		{3F8178EF-0710-43F7-92E2-130B9BE2212D}.Release|Android.ActiveCfg = Release|Android
		{3F8178EF-0710-43F7-92E2-130B9BE2212D}.Release|Android.Build.0 = Release|Android
		{3F8178EF-0710-43F7-92E2-130B9BE2212D}.Release|Any CPU.ActiveCfg = Release|Any CPU
		{3F8178EF-0710-43F7-92E2-130B9BE2212D}.Release|Any CPU.Build.0 = Release|Any CPU
		{3F8178EF-0710-43F7-92E2-130B9BE2212D}.Release|ARM.ActiveCfg = Release|Any CPU
		{3F8178EF-0710-43F7-92E2-130B9BE2212D}.Release|iPhone.ActiveCfg = Release|iPhone
		{3F8178EF-0710-43F7-92E2-130B9BE2212D}.Release|iPhone.Build.0 = Release|iPhone
		{3F8178EF-0710-43F7-92E2-130B9BE2212D}.Release|iPhoneSimulator.ActiveCfg = Release|iPhoneSimulator
		{3F8178EF-0710-43F7-92E2-130B9BE2212D}.Release|iPhoneSimulator.Build.0 = Release|iPhoneSimulator
		{3F8178EF-0710-43F7-92E2-130B9BE2212D}.Release|Mac.ActiveCfg = Release|Mac
		{3F8178EF-0710-43F7-92E2-130B9BE2212D}.Release|Mac.Build.0 = Release|Mac
		{3F8178EF-0710-43F7-92E2-130B9BE2212D}.Release|Mixed Platforms.ActiveCfg = Release|x86
		{3F8178EF-0710-43F7-92E2-130B9BE2212D}.Release|Mixed Platforms.Build.0 = Release|x86
		{3F8178EF-0710-43F7-92E2-130B9BE2212D}.Release|x64.ActiveCfg = Release|Any CPU
		{3F8178EF-0710-43F7-92E2-130B9BE2212D}.Release|x86.ActiveCfg = Release|x86
		{3F8178EF-0710-43F7-92E2-130B9BE2212D}.Release|x86.Build.0 = Release|x86
		{EB9C0A22-6644-46E4-948C-F7C95E1F8CE1}.Debug|Android.ActiveCfg = Debug|Android
		{EB9C0A22-6644-46E4-948C-F7C95E1F8CE1}.Debug|Android.Build.0 = Debug|Android
		{EB9C0A22-6644-46E4-948C-F7C95E1F8CE1}.Debug|Any CPU.ActiveCfg = Debug|Any CPU
		{EB9C0A22-6644-46E4-948C-F7C95E1F8CE1}.Debug|Any CPU.Build.0 = Debug|Any CPU
		{EB9C0A22-6644-46E4-948C-F7C95E1F8CE1}.Debug|ARM.ActiveCfg = Debug|Any CPU
		{EB9C0A22-6644-46E4-948C-F7C95E1F8CE1}.Debug|iPhone.ActiveCfg = Debug|iPhone
		{EB9C0A22-6644-46E4-948C-F7C95E1F8CE1}.Debug|iPhone.Build.0 = Debug|iPhone
		{EB9C0A22-6644-46E4-948C-F7C95E1F8CE1}.Debug|iPhoneSimulator.ActiveCfg = Debug|iPhoneSimulator
		{EB9C0A22-6644-46E4-948C-F7C95E1F8CE1}.Debug|iPhoneSimulator.Build.0 = Debug|iPhoneSimulator
		{EB9C0A22-6644-46E4-948C-F7C95E1F8CE1}.Debug|Mac.ActiveCfg = Debug|Mac
		{EB9C0A22-6644-46E4-948C-F7C95E1F8CE1}.Debug|Mac.Build.0 = Debug|Mac
		{EB9C0A22-6644-46E4-948C-F7C95E1F8CE1}.Debug|Mixed Platforms.ActiveCfg = Debug|x86
		{EB9C0A22-6644-46E4-948C-F7C95E1F8CE1}.Debug|Mixed Platforms.Build.0 = Debug|x86
		{EB9C0A22-6644-46E4-948C-F7C95E1F8CE1}.Debug|x64.ActiveCfg = Debug|Any CPU
		{EB9C0A22-6644-46E4-948C-F7C95E1F8CE1}.Debug|x86.ActiveCfg = Debug|x86
		{EB9C0A22-6644-46E4-948C-F7C95E1F8CE1}.Debug|x86.Build.0 = Debug|x86
		{EB9C0A22-6644-46E4-948C-F7C95E1F8CE1}.Release|Android.ActiveCfg = Release|Android
		{EB9C0A22-6644-46E4-948C-F7C95E1F8CE1}.Release|Android.Build.0 = Release|Android
		{EB9C0A22-6644-46E4-948C-F7C95E1F8CE1}.Release|Any CPU.ActiveCfg = Release|Any CPU
		{EB9C0A22-6644-46E4-948C-F7C95E1F8CE1}.Release|Any CPU.Build.0 = Release|Any CPU
		{EB9C0A22-6644-46E4-948C-F7C95E1F8CE1}.Release|ARM.ActiveCfg = Release|Any CPU
		{EB9C0A22-6644-46E4-948C-F7C95E1F8CE1}.Release|iPhone.ActiveCfg = Release|iPhone
		{EB9C0A22-6644-46E4-948C-F7C95E1F8CE1}.Release|iPhone.Build.0 = Release|iPhone
		{EB9C0A22-6644-46E4-948C-F7C95E1F8CE1}.Release|iPhoneSimulator.ActiveCfg = Release|iPhoneSimulator
		{EB9C0A22-6644-46E4-948C-F7C95E1F8CE1}.Release|iPhoneSimulator.Build.0 = Release|iPhoneSimulator
		{EB9C0A22-6644-46E4-948C-F7C95E1F8CE1}.Release|Mac.ActiveCfg = Release|Mac
		{EB9C0A22-6644-46E4-948C-F7C95E1F8CE1}.Release|Mac.Build.0 = Release|Mac
		{EB9C0A22-6644-46E4-948C-F7C95E1F8CE1}.Release|Mixed Platforms.ActiveCfg = Release|x86
		{EB9C0A22-6644-46E4-948C-F7C95E1F8CE1}.Release|Mixed Platforms.Build.0 = Release|x86
		{EB9C0A22-6644-46E4-948C-F7C95E1F8CE1}.Release|x64.ActiveCfg = Release|Any CPU
		{EB9C0A22-6644-46E4-948C-F7C95E1F8CE1}.Release|x86.ActiveCfg = Release|x86
		{EB9C0A22-6644-46E4-948C-F7C95E1F8CE1}.Release|x86.Build.0 = Release|x86
		{DFAC63ED-7563-4F09-97E0-9FC3F0FD552F}.Debug|Android.ActiveCfg = Debug|Any CPU
		{DFAC63ED-7563-4F09-97E0-9FC3F0FD552F}.Debug|Any CPU.ActiveCfg = Debug|Any CPU
		{DFAC63ED-7563-4F09-97E0-9FC3F0FD552F}.Debug|Any CPU.Build.0 = Debug|Any CPU
		{DFAC63ED-7563-4F09-97E0-9FC3F0FD552F}.Debug|Any CPU.Deploy.0 = Debug|Any CPU
		{DFAC63ED-7563-4F09-97E0-9FC3F0FD552F}.Debug|ARM.ActiveCfg = Debug|ARM
		{DFAC63ED-7563-4F09-97E0-9FC3F0FD552F}.Debug|ARM.Build.0 = Debug|ARM
		{DFAC63ED-7563-4F09-97E0-9FC3F0FD552F}.Debug|ARM.Deploy.0 = Debug|ARM
		{DFAC63ED-7563-4F09-97E0-9FC3F0FD552F}.Debug|iPhone.ActiveCfg = Debug|Any CPU
		{DFAC63ED-7563-4F09-97E0-9FC3F0FD552F}.Debug|iPhoneSimulator.ActiveCfg = Debug|Any CPU
		{DFAC63ED-7563-4F09-97E0-9FC3F0FD552F}.Debug|Mac.ActiveCfg = Debug|Any CPU
		{DFAC63ED-7563-4F09-97E0-9FC3F0FD552F}.Debug|Mixed Platforms.ActiveCfg = Debug|x86
		{DFAC63ED-7563-4F09-97E0-9FC3F0FD552F}.Debug|Mixed Platforms.Build.0 = Debug|x86
		{DFAC63ED-7563-4F09-97E0-9FC3F0FD552F}.Debug|Mixed Platforms.Deploy.0 = Debug|x86
		{DFAC63ED-7563-4F09-97E0-9FC3F0FD552F}.Debug|x64.ActiveCfg = Debug|x64
		{DFAC63ED-7563-4F09-97E0-9FC3F0FD552F}.Debug|x64.Build.0 = Debug|x64
		{DFAC63ED-7563-4F09-97E0-9FC3F0FD552F}.Debug|x64.Deploy.0 = Debug|x64
		{DFAC63ED-7563-4F09-97E0-9FC3F0FD552F}.Debug|x86.ActiveCfg = Debug|x86
		{DFAC63ED-7563-4F09-97E0-9FC3F0FD552F}.Debug|x86.Build.0 = Debug|x86
		{DFAC63ED-7563-4F09-97E0-9FC3F0FD552F}.Debug|x86.Deploy.0 = Debug|x86
		{DFAC63ED-7563-4F09-97E0-9FC3F0FD552F}.Release|Android.ActiveCfg = Release|Any CPU
		{DFAC63ED-7563-4F09-97E0-9FC3F0FD552F}.Release|Any CPU.ActiveCfg = Release|Any CPU
		{DFAC63ED-7563-4F09-97E0-9FC3F0FD552F}.Release|Any CPU.Build.0 = Release|Any CPU
		{DFAC63ED-7563-4F09-97E0-9FC3F0FD552F}.Release|Any CPU.Deploy.0 = Release|Any CPU
		{DFAC63ED-7563-4F09-97E0-9FC3F0FD552F}.Release|ARM.ActiveCfg = Release|ARM
		{DFAC63ED-7563-4F09-97E0-9FC3F0FD552F}.Release|ARM.Build.0 = Release|ARM
		{DFAC63ED-7563-4F09-97E0-9FC3F0FD552F}.Release|ARM.Deploy.0 = Release|ARM
		{DFAC63ED-7563-4F09-97E0-9FC3F0FD552F}.Release|iPhone.ActiveCfg = Release|Any CPU
		{DFAC63ED-7563-4F09-97E0-9FC3F0FD552F}.Release|iPhoneSimulator.ActiveCfg = Release|Any CPU
		{DFAC63ED-7563-4F09-97E0-9FC3F0FD552F}.Release|Mac.ActiveCfg = Release|Any CPU
		{DFAC63ED-7563-4F09-97E0-9FC3F0FD552F}.Release|Mixed Platforms.ActiveCfg = Release|x86
		{DFAC63ED-7563-4F09-97E0-9FC3F0FD552F}.Release|Mixed Platforms.Build.0 = Release|x86
		{DFAC63ED-7563-4F09-97E0-9FC3F0FD552F}.Release|Mixed Platforms.Deploy.0 = Release|x86
		{DFAC63ED-7563-4F09-97E0-9FC3F0FD552F}.Release|x64.ActiveCfg = Release|x64
		{DFAC63ED-7563-4F09-97E0-9FC3F0FD552F}.Release|x64.Build.0 = Release|x64
		{DFAC63ED-7563-4F09-97E0-9FC3F0FD552F}.Release|x64.Deploy.0 = Release|x64
		{DFAC63ED-7563-4F09-97E0-9FC3F0FD552F}.Release|x86.ActiveCfg = Release|x86
		{DFAC63ED-7563-4F09-97E0-9FC3F0FD552F}.Release|x86.Build.0 = Release|x86
		{DFAC63ED-7563-4F09-97E0-9FC3F0FD552F}.Release|x86.Deploy.0 = Release|x86
		{4C2B4FA7-5C94-4582-82CB-FC856BEBFE75}.Debug|Android.ActiveCfg = Debug|Any CPU
		{4C2B4FA7-5C94-4582-82CB-FC856BEBFE75}.Debug|Any CPU.ActiveCfg = Debug|Any CPU
		{4C2B4FA7-5C94-4582-82CB-FC856BEBFE75}.Debug|Any CPU.Build.0 = Debug|Any CPU
		{4C2B4FA7-5C94-4582-82CB-FC856BEBFE75}.Debug|ARM.ActiveCfg = Debug|ARM
		{4C2B4FA7-5C94-4582-82CB-FC856BEBFE75}.Debug|ARM.Build.0 = Debug|ARM
		{4C2B4FA7-5C94-4582-82CB-FC856BEBFE75}.Debug|iPhone.ActiveCfg = Debug|Any CPU
		{4C2B4FA7-5C94-4582-82CB-FC856BEBFE75}.Debug|iPhoneSimulator.ActiveCfg = Debug|Any CPU
		{4C2B4FA7-5C94-4582-82CB-FC856BEBFE75}.Debug|Mac.ActiveCfg = Debug|Any CPU
		{4C2B4FA7-5C94-4582-82CB-FC856BEBFE75}.Debug|Mixed Platforms.ActiveCfg = Debug|x86
		{4C2B4FA7-5C94-4582-82CB-FC856BEBFE75}.Debug|Mixed Platforms.Build.0 = Debug|x86
		{4C2B4FA7-5C94-4582-82CB-FC856BEBFE75}.Debug|x64.ActiveCfg = Debug|x64
		{4C2B4FA7-5C94-4582-82CB-FC856BEBFE75}.Debug|x64.Build.0 = Debug|x64
		{4C2B4FA7-5C94-4582-82CB-FC856BEBFE75}.Debug|x86.ActiveCfg = Debug|x86
		{4C2B4FA7-5C94-4582-82CB-FC856BEBFE75}.Debug|x86.Build.0 = Debug|x86
		{4C2B4FA7-5C94-4582-82CB-FC856BEBFE75}.Release|Android.ActiveCfg = Release|Any CPU
		{4C2B4FA7-5C94-4582-82CB-FC856BEBFE75}.Release|Any CPU.ActiveCfg = Release|Any CPU
		{4C2B4FA7-5C94-4582-82CB-FC856BEBFE75}.Release|Any CPU.Build.0 = Release|Any CPU
		{4C2B4FA7-5C94-4582-82CB-FC856BEBFE75}.Release|ARM.ActiveCfg = Release|ARM
		{4C2B4FA7-5C94-4582-82CB-FC856BEBFE75}.Release|ARM.Build.0 = Release|ARM
		{4C2B4FA7-5C94-4582-82CB-FC856BEBFE75}.Release|iPhone.ActiveCfg = Release|Any CPU
		{4C2B4FA7-5C94-4582-82CB-FC856BEBFE75}.Release|iPhoneSimulator.ActiveCfg = Release|Any CPU
		{4C2B4FA7-5C94-4582-82CB-FC856BEBFE75}.Release|Mac.ActiveCfg = Release|Any CPU
		{4C2B4FA7-5C94-4582-82CB-FC856BEBFE75}.Release|Mixed Platforms.ActiveCfg = Release|x86
		{4C2B4FA7-5C94-4582-82CB-FC856BEBFE75}.Release|Mixed Platforms.Build.0 = Release|x86
		{4C2B4FA7-5C94-4582-82CB-FC856BEBFE75}.Release|x64.ActiveCfg = Release|x64
		{4C2B4FA7-5C94-4582-82CB-FC856BEBFE75}.Release|x64.Build.0 = Release|x64
		{4C2B4FA7-5C94-4582-82CB-FC856BEBFE75}.Release|x86.ActiveCfg = Release|x86
		{4C2B4FA7-5C94-4582-82CB-FC856BEBFE75}.Release|x86.Build.0 = Release|x86
	EndGlobalSection
	GlobalSection(SolutionProperties) = preSolution
		HideSolutionNode = FALSE
	EndGlobalSection
EndGlobal
