
Microsoft Visual Studio Solution File, Format Version 11.00
# Visual Studio 2010
Project("{FAE04EC0-301F-11D3-BF4B-00C04F79EFBC}") = "Eto - iOS", "Eto\Eto - iOS.csproj", "{83452633-C37C-490F-852A-3ADE0A2CF0D4}"
EndProject
Project("{FAE04EC0-301F-11D3-BF4B-00C04F79EFBC}") = "Eto.Platform.iOS", "Eto.Platform.iOS\Eto.Platform.iOS.csproj", "{E711B298-D141-4EC5-9BFD-84962B264F90}"
EndProject
Project("{FAE04EC0-301F-11D3-BF4B-00C04F79EFBC}") = "Eto.Test - iOS", "Eto.Test\Eto.Test\Eto.Test - iOS.csproj", "{97DEC3D5-5E7C-493D-AB7E-C0001AF7085F}"
EndProject
Project("{FAE04EC0-301F-11D3-BF4B-00C04F79EFBC}") = "Eto.Test.iOS", "Eto.Test\Eto.Test.iOS\Eto.Test.iOS.csproj", "{AB42209E-E87F-4749-96CF-8CAE83981808}"
EndProject
Project("{FAE04EC0-301F-11D3-BF4B-00C04F79EFBC}") = "Eto.Json - iOS", "Eto.Json\Eto.Json - iOS.csproj", "{5F92A18F-6ED3-4BD6-AFB7-FEEF3F4DA1E0}"
EndProject
Global
	GlobalSection(SolutionConfigurationPlatforms) = preSolution
		Debug|iPhoneSimulator = Debug|iPhoneSimulator
		Release|iPhoneSimulator = Release|iPhoneSimulator
		Debug|iPhone = Debug|iPhone
		Release|iPhone = Release|iPhone
		Ad-Hoc|iPhone = Ad-Hoc|iPhone
		AppStore|iPhone = AppStore|iPhone
	EndGlobalSection
	GlobalSection(ProjectConfigurationPlatforms) = postSolution
		{5F92A18F-6ED3-4BD6-AFB7-FEEF3F4DA1E0}.Ad-Hoc|iPhone.ActiveCfg = Release|Any CPU
		{5F92A18F-6ED3-4BD6-AFB7-FEEF3F4DA1E0}.Ad-Hoc|iPhone.Build.0 = Release|Any CPU
		{5F92A18F-6ED3-4BD6-AFB7-FEEF3F4DA1E0}.AppStore|iPhone.ActiveCfg = Release|Any CPU
		{5F92A18F-6ED3-4BD6-AFB7-FEEF3F4DA1E0}.AppStore|iPhone.Build.0 = Release|Any CPU
		{5F92A18F-6ED3-4BD6-AFB7-FEEF3F4DA1E0}.Debug|iPhone.ActiveCfg = Debug|Any CPU
		{5F92A18F-6ED3-4BD6-AFB7-FEEF3F4DA1E0}.Debug|iPhone.Build.0 = Debug|Any CPU
		{5F92A18F-6ED3-4BD6-AFB7-FEEF3F4DA1E0}.Debug|iPhoneSimulator.ActiveCfg = Debug|Any CPU
		{5F92A18F-6ED3-4BD6-AFB7-FEEF3F4DA1E0}.Debug|iPhoneSimulator.Build.0 = Debug|Any CPU
		{5F92A18F-6ED3-4BD6-AFB7-FEEF3F4DA1E0}.Release|iPhone.ActiveCfg = Release|Any CPU
		{5F92A18F-6ED3-4BD6-AFB7-FEEF3F4DA1E0}.Release|iPhone.Build.0 = Release|Any CPU
		{5F92A18F-6ED3-4BD6-AFB7-FEEF3F4DA1E0}.Release|iPhoneSimulator.ActiveCfg = Release|Any CPU
		{5F92A18F-6ED3-4BD6-AFB7-FEEF3F4DA1E0}.Release|iPhoneSimulator.Build.0 = Release|Any CPU
		{83452633-C37C-490F-852A-3ADE0A2CF0D4}.Ad-Hoc|iPhone.ActiveCfg = Release|Any CPU
		{83452633-C37C-490F-852A-3ADE0A2CF0D4}.Ad-Hoc|iPhone.Build.0 = Release|Any CPU
		{83452633-C37C-490F-852A-3ADE0A2CF0D4}.AppStore|iPhone.ActiveCfg = Release|Any CPU
		{83452633-C37C-490F-852A-3ADE0A2CF0D4}.AppStore|iPhone.Build.0 = Release|Any CPU
		{83452633-C37C-490F-852A-3ADE0A2CF0D4}.Debug|iPhone.ActiveCfg = Debug|Any CPU
		{83452633-C37C-490F-852A-3ADE0A2CF0D4}.Debug|iPhone.Build.0 = Debug|Any CPU
		{83452633-C37C-490F-852A-3ADE0A2CF0D4}.Debug|iPhoneSimulator.ActiveCfg = Debug|Any CPU
		{83452633-C37C-490F-852A-3ADE0A2CF0D4}.Debug|iPhoneSimulator.Build.0 = Debug|Any CPU
		{83452633-C37C-490F-852A-3ADE0A2CF0D4}.Release|iPhone.ActiveCfg = Release|Any CPU
		{83452633-C37C-490F-852A-3ADE0A2CF0D4}.Release|iPhone.Build.0 = Release|Any CPU
		{83452633-C37C-490F-852A-3ADE0A2CF0D4}.Release|iPhoneSimulator.ActiveCfg = Release|Any CPU
		{83452633-C37C-490F-852A-3ADE0A2CF0D4}.Release|iPhoneSimulator.Build.0 = Release|Any CPU
		{97DEC3D5-5E7C-493D-AB7E-C0001AF7085F}.Ad-Hoc|iPhone.ActiveCfg = Release|Any CPU
		{97DEC3D5-5E7C-493D-AB7E-C0001AF7085F}.Ad-Hoc|iPhone.Build.0 = Release|Any CPU
		{97DEC3D5-5E7C-493D-AB7E-C0001AF7085F}.AppStore|iPhone.ActiveCfg = Release|Any CPU
		{97DEC3D5-5E7C-493D-AB7E-C0001AF7085F}.AppStore|iPhone.Build.0 = Release|Any CPU
		{97DEC3D5-5E7C-493D-AB7E-C0001AF7085F}.Debug|iPhone.ActiveCfg = Debug|Any CPU
		{97DEC3D5-5E7C-493D-AB7E-C0001AF7085F}.Debug|iPhone.Build.0 = Debug|Any CPU
		{97DEC3D5-5E7C-493D-AB7E-C0001AF7085F}.Debug|iPhoneSimulator.ActiveCfg = Debug|Any CPU
		{97DEC3D5-5E7C-493D-AB7E-C0001AF7085F}.Debug|iPhoneSimulator.Build.0 = Debug|Any CPU
		{97DEC3D5-5E7C-493D-AB7E-C0001AF7085F}.Release|iPhone.ActiveCfg = Release|Any CPU
		{97DEC3D5-5E7C-493D-AB7E-C0001AF7085F}.Release|iPhone.Build.0 = Release|Any CPU
		{97DEC3D5-5E7C-493D-AB7E-C0001AF7085F}.Release|iPhoneSimulator.ActiveCfg = Release|Any CPU
		{97DEC3D5-5E7C-493D-AB7E-C0001AF7085F}.Release|iPhoneSimulator.Build.0 = Release|Any CPU
		{AB42209E-E87F-4749-96CF-8CAE83981808}.Ad-Hoc|iPhone.ActiveCfg = Ad-Hoc|iPhone
		{AB42209E-E87F-4749-96CF-8CAE83981808}.Ad-Hoc|iPhone.Build.0 = Ad-Hoc|iPhone
		{AB42209E-E87F-4749-96CF-8CAE83981808}.AppStore|iPhone.ActiveCfg = AppStore|iPhone
		{AB42209E-E87F-4749-96CF-8CAE83981808}.AppStore|iPhone.Build.0 = AppStore|iPhone
		{AB42209E-E87F-4749-96CF-8CAE83981808}.Debug|iPhone.ActiveCfg = Debug|iPhone
		{AB42209E-E87F-4749-96CF-8CAE83981808}.Debug|iPhone.Build.0 = Debug|iPhone
		{AB42209E-E87F-4749-96CF-8CAE83981808}.Debug|iPhoneSimulator.ActiveCfg = Debug|iPhoneSimulator
		{AB42209E-E87F-4749-96CF-8CAE83981808}.Debug|iPhoneSimulator.Build.0 = Debug|iPhoneSimulator
		{AB42209E-E87F-4749-96CF-8CAE83981808}.Release|iPhone.ActiveCfg = Release|iPhone
		{AB42209E-E87F-4749-96CF-8CAE83981808}.Release|iPhone.Build.0 = Release|iPhone
		{AB42209E-E87F-4749-96CF-8CAE83981808}.Release|iPhoneSimulator.ActiveCfg = Release|iPhoneSimulator
		{AB42209E-E87F-4749-96CF-8CAE83981808}.Release|iPhoneSimulator.Build.0 = Release|iPhoneSimulator
		{E711B298-D141-4EC5-9BFD-84962B264F90}.Ad-Hoc|iPhone.ActiveCfg = Release|Any CPU
		{E711B298-D141-4EC5-9BFD-84962B264F90}.Ad-Hoc|iPhone.Build.0 = Release|Any CPU
		{E711B298-D141-4EC5-9BFD-84962B264F90}.AppStore|iPhone.ActiveCfg = Release|Any CPU
		{E711B298-D141-4EC5-9BFD-84962B264F90}.AppStore|iPhone.Build.0 = Release|Any CPU
		{E711B298-D141-4EC5-9BFD-84962B264F90}.Debug|iPhone.ActiveCfg = Debug|Any CPU
		{E711B298-D141-4EC5-9BFD-84962B264F90}.Debug|iPhone.Build.0 = Debug|Any CPU
		{E711B298-D141-4EC5-9BFD-84962B264F90}.Debug|iPhoneSimulator.ActiveCfg = Debug|Any CPU
		{E711B298-D141-4EC5-9BFD-84962B264F90}.Debug|iPhoneSimulator.Build.0 = Debug|Any CPU
		{E711B298-D141-4EC5-9BFD-84962B264F90}.Release|iPhone.ActiveCfg = Release|Any CPU
		{E711B298-D141-4EC5-9BFD-84962B264F90}.Release|iPhone.Build.0 = Release|Any CPU
		{E711B298-D141-4EC5-9BFD-84962B264F90}.Release|iPhoneSimulator.ActiveCfg = Release|Any CPU
		{E711B298-D141-4EC5-9BFD-84962B264F90}.Release|iPhoneSimulator.Build.0 = Release|Any CPU
	EndGlobalSection
	GlobalSection(MonoDevelopProperties) = preSolution
		StartupItem = Eto.Test\Eto.Test.iOS\Eto.Test.iOS.csproj
		Policies = $0
		$0.DotNetNamingPolicy = $1
		$1.DirectoryNamespaceAssociation = PrefixedHierarchical
		$1.ResourceNamePolicy = MSBuild
		$0.TextStylePolicy = $2
		$2.inheritsSet = null
		$2.scope = text/x-csharp
		$0.CSharpFormattingPolicy = $3
		$3.inheritsSet = Mono
		$3.inheritsScope = text/x-csharp
		$3.scope = text/x-csharp
		$0.TextStylePolicy = $4
		$4.FileWidth = 120
		$4.TabsToSpaces = False
		$4.inheritsSet = VisualStudio
		$4.inheritsScope = text/plain
		$4.scope = text/plain
	EndGlobalSection
	GlobalSection(SolutionProperties) = preSolution
		HideSolutionNode = FALSE
	EndGlobalSection
EndGlobal
