
Microsoft Visual Studio Solution File, Format Version 12.00
# Visual Studio 2012
VisualStudioVersion = 12.0.30324.0
MinimumVisualStudioVersion = 10.0.40219.1
Project("{FAE04EC0-301F-11D3-BF4B-00C04F79EFBC}") = "Eto - Pcl", "Eto\Eto - Pcl.csproj", "{35EF0A4E-2A1A-492C-8BED-106774EA09F2}"
EndProject
Project("{FAE04EC0-301F-11D3-BF4B-00C04F79EFBC}") = "Eto.Json - Pcl", "Eto.Json\Eto.Json - Pcl.csproj", "{3F8178EF-0710-43F7-92E2-130B9BE2212D}"
EndProject
Project("{FAE04EC0-301F-11D3-BF4B-00C04F79EFBC}") = "Eto.Platform.Direct2D - Pcl", "Eto.Platform.Direct2D\Eto.Platform.Direct2D - Pcl.csproj", "{330EF9FD-5947-4AC9-9796-950C7633695F}"
EndProject
Project("{FAE04EC0-301F-11D3-BF4B-00C04F79EFBC}") = "Eto.Platform.Windows - Pcl", "Eto.Platform.Windows\Eto.Platform.Windows - Pcl.csproj", "{9F51798A-354C-47A1-9207-4BB7D7FC7FC4}"
EndProject
Project("{FAE04EC0-301F-11D3-BF4B-00C04F79EFBC}") = "Eto.Test - Pcl", "Eto.Test\Eto.Test\Eto.Test - Pcl.csproj", "{EB9C0A22-6644-46E4-948C-F7C95E1F8CE1}"
EndProject
Project("{FAE04EC0-301F-11D3-BF4B-00C04F79EFBC}") = "Eto.Test.WinForms - Pcl", "Eto.Test\Eto.Test.WinForms\Eto.Test.WinForms - Pcl.csproj", "{CF18B0BB-2C60-437F-8AA3-711ABAE11A91}"
EndProject
Project("{FAE04EC0-301F-11D3-BF4B-00C04F79EFBC}") = "Eto.Platform.Mac - Pcl", "Eto.Platform.Mac\Eto.Platform.Mac - Pcl.csproj", "{3E7995E0-C9EB-11E3-9C1A-0800200C9A66}"
EndProject
Project("{FAE04EC0-301F-11D3-BF4B-00C04F79EFBC}") = "Eto.Test.Mac - Pcl", "Eto.Test\Eto.Test.Mac\Eto.Test.Mac - Pcl.csproj", "{A4267C50-C9EB-11E3-9C1A-0800200C9A66}"
EndProject
Project("{FAE04EC0-301F-11D3-BF4B-00C04F79EFBC}") = "Eto.Platform.Gtk - Pcl", "Eto.Platform.Gtk\Eto.Platform.Gtk - Pcl.csproj", "{80915A80-CA54-11E3-9C1A-0800200C9A66}"
EndProject
Project("{FAE04EC0-301F-11D3-BF4B-00C04F79EFBC}") = "Eto.Test.Gtk - Pcl", "Eto.Test\Eto.Test.Gtk\Eto.Test.Gtk - Pcl.csproj", "{CC33FE70-CA54-11E3-9C1A-0800200C9A66}"
EndProject
Project("{FAE04EC0-301F-11D3-BF4B-00C04F79EFBC}") = "Eto.Test.Gtk3 - Pcl", "Eto.Test\Eto.Test.Gtk3\Eto.Test.Gtk3 - Pcl.csproj", "{D70E9E90-CA54-11E3-9C1A-0800200C9A66}"
EndProject
Project("{FAE04EC0-301F-11D3-BF4B-00C04F79EFBC}") = "Eto.Platform.Wpf - Pcl", "Eto.Platform.Wpf\Eto.Platform.Wpf - Pcl.csproj", "{63137FA0-CA55-11E3-9C1A-0800200C9A66}"
EndProject
Project("{FAE04EC0-301F-11D3-BF4B-00C04F79EFBC}") = "Eto.Test.Wpf - Pcl", "Eto.Test\Eto.Test.Wpf\Eto.Test.Wpf - Pcl.csproj", "{DD0C2B40-CA55-11E3-9C1A-0800200C9A66}"
EndProject
Project("{FAE04EC0-301F-11D3-BF4B-00C04F79EFBC}") = "Eto.Platform.Gtk3 - Pcl", "Eto.Platform.Gtk\Eto.Platform.Gtk3 - Pcl.csproj", "{543B2F90-CA56-11E3-9C1A-0800200C9A66}"
EndProject
Project("{FAE04EC0-301F-11D3-BF4B-00C04F79EFBC}") = "Eto.Platform.XamMac - Pcl", "Eto.Platform.Mac\Eto.Platform.XamMac - Pcl.csproj", "{BF405A10-C9EB-11E3-9C1A-0800200C9A66}"
EndProject
Project("{FAE04EC0-301F-11D3-BF4B-00C04F79EFBC}") = "Eto.Test.XamMac - Pcl", "Eto.Test\Eto.Test.Mac\Eto.Test.XamMac - Pcl.csproj", "{9CEE7E60-C9EB-11E3-9C1A-0800200C9A66}"
EndProject
Global
	GlobalSection(SolutionConfigurationPlatforms) = preSolution
		Debug|Mac = Debug|Mac
		Debug|Linux = Debug|Linux
		Debug|Windows = Debug|Windows
		Release|Windows = Release|Windows
		Release|Mac = Release|Mac
		Release|Linux = Release|Linux
	EndGlobalSection
	GlobalSection(ProjectConfigurationPlatforms) = postSolution
		{330EF9FD-5947-4AC9-9796-950C7633695F}.Debug|Linux.ActiveCfg = Debug|Any CPU
		{330EF9FD-5947-4AC9-9796-950C7633695F}.Debug|Mac.ActiveCfg = Debug|Any CPU
		{330EF9FD-5947-4AC9-9796-950C7633695F}.Debug|Windows.ActiveCfg = Debug|Any CPU
		{330EF9FD-5947-4AC9-9796-950C7633695F}.Debug|Windows.Build.0 = Debug|Any CPU
		{330EF9FD-5947-4AC9-9796-950C7633695F}.Release|Linux.ActiveCfg = Release|Any CPU
		{330EF9FD-5947-4AC9-9796-950C7633695F}.Release|Mac.ActiveCfg = Release|Any CPU
		{330EF9FD-5947-4AC9-9796-950C7633695F}.Release|Windows.ActiveCfg = Release|Any CPU
		{330EF9FD-5947-4AC9-9796-950C7633695F}.Release|Windows.Build.0 = Release|Any CPU
		{35EF0A4E-2A1A-492C-8BED-106774EA09F2}.Debug|Linux.ActiveCfg = Debug|Any CPU
		{35EF0A4E-2A1A-492C-8BED-106774EA09F2}.Debug|Linux.Build.0 = Debug|Any CPU
		{35EF0A4E-2A1A-492C-8BED-106774EA09F2}.Debug|Mac.ActiveCfg = Debug|Any CPU
		{35EF0A4E-2A1A-492C-8BED-106774EA09F2}.Debug|Mac.Build.0 = Debug|Any CPU
		{35EF0A4E-2A1A-492C-8BED-106774EA09F2}.Debug|Windows.ActiveCfg = Debug|Any CPU
		{35EF0A4E-2A1A-492C-8BED-106774EA09F2}.Debug|Windows.Build.0 = Debug|Any CPU
		{35EF0A4E-2A1A-492C-8BED-106774EA09F2}.Release|Linux.ActiveCfg = Release|Any CPU
		{35EF0A4E-2A1A-492C-8BED-106774EA09F2}.Release|Linux.Build.0 = Release|Any CPU
		{35EF0A4E-2A1A-492C-8BED-106774EA09F2}.Release|Mac.ActiveCfg = Release|Any CPU
		{35EF0A4E-2A1A-492C-8BED-106774EA09F2}.Release|Mac.Build.0 = Release|Any CPU
		{35EF0A4E-2A1A-492C-8BED-106774EA09F2}.Release|Windows.ActiveCfg = Release|Any CPU
		{35EF0A4E-2A1A-492C-8BED-106774EA09F2}.Release|Windows.Build.0 = Release|Any CPU
		{3E7995E0-C9EB-11E3-9C1A-0800200C9A66}.Debug|Linux.ActiveCfg = Debug|Any CPU
		{3E7995E0-C9EB-11E3-9C1A-0800200C9A66}.Debug|Linux.Build.0 = Debug|Any CPU
		{3E7995E0-C9EB-11E3-9C1A-0800200C9A66}.Debug|Mac.ActiveCfg = Debug|Any CPU
		{3E7995E0-C9EB-11E3-9C1A-0800200C9A66}.Debug|Mac.Build.0 = Debug|Any CPU
		{3E7995E0-C9EB-11E3-9C1A-0800200C9A66}.Debug|Windows.ActiveCfg = Debug|Any CPU
		{3E7995E0-C9EB-11E3-9C1A-0800200C9A66}.Debug|Windows.Build.0 = Debug|Any CPU
		{3E7995E0-C9EB-11E3-9C1A-0800200C9A66}.Release|Linux.ActiveCfg = Release|Any CPU
		{3E7995E0-C9EB-11E3-9C1A-0800200C9A66}.Release|Linux.Build.0 = Release|Any CPU
		{3E7995E0-C9EB-11E3-9C1A-0800200C9A66}.Release|Mac.ActiveCfg = Release|Any CPU
		{3E7995E0-C9EB-11E3-9C1A-0800200C9A66}.Release|Mac.Build.0 = Release|Any CPU
		{3E7995E0-C9EB-11E3-9C1A-0800200C9A66}.Release|Windows.ActiveCfg = Release|Any CPU
		{3E7995E0-C9EB-11E3-9C1A-0800200C9A66}.Release|Windows.Build.0 = Release|Any CPU
		{3F8178EF-0710-43F7-92E2-130B9BE2212D}.Debug|Linux.ActiveCfg = Debug|Any CPU
		{3F8178EF-0710-43F7-92E2-130B9BE2212D}.Debug|Linux.Build.0 = Debug|Any CPU
		{3F8178EF-0710-43F7-92E2-130B9BE2212D}.Debug|Mac.ActiveCfg = Debug|Any CPU
		{3F8178EF-0710-43F7-92E2-130B9BE2212D}.Debug|Mac.Build.0 = Debug|Any CPU
		{3F8178EF-0710-43F7-92E2-130B9BE2212D}.Debug|Windows.ActiveCfg = Debug|Any CPU
		{3F8178EF-0710-43F7-92E2-130B9BE2212D}.Debug|Windows.Build.0 = Debug|Any CPU
		{3F8178EF-0710-43F7-92E2-130B9BE2212D}.Release|Linux.ActiveCfg = Release|Any CPU
		{3F8178EF-0710-43F7-92E2-130B9BE2212D}.Release|Linux.Build.0 = Release|Any CPU
		{3F8178EF-0710-43F7-92E2-130B9BE2212D}.Release|Mac.ActiveCfg = Release|Any CPU
		{3F8178EF-0710-43F7-92E2-130B9BE2212D}.Release|Mac.Build.0 = Release|Any CPU
		{3F8178EF-0710-43F7-92E2-130B9BE2212D}.Release|Windows.ActiveCfg = Release|Any CPU
		{3F8178EF-0710-43F7-92E2-130B9BE2212D}.Release|Windows.Build.0 = Release|Any CPU
		{543B2F90-CA56-11E3-9C1A-0800200C9A66}.Debug|Linux.ActiveCfg = Debug|Any CPU
		{543B2F90-CA56-11E3-9C1A-0800200C9A66}.Debug|Linux.Build.0 = Debug|Any CPU
		{543B2F90-CA56-11E3-9C1A-0800200C9A66}.Debug|Mac.ActiveCfg = Debug|Any CPU
		{543B2F90-CA56-11E3-9C1A-0800200C9A66}.Debug|Mac.Build.0 = Debug|Any CPU
		{543B2F90-CA56-11E3-9C1A-0800200C9A66}.Debug|Windows.ActiveCfg = Debug|Any CPU
		{543B2F90-CA56-11E3-9C1A-0800200C9A66}.Debug|Windows.Build.0 = Debug|Any CPU
		{543B2F90-CA56-11E3-9C1A-0800200C9A66}.Release|Linux.ActiveCfg = Debug|Any CPU
		{543B2F90-CA56-11E3-9C1A-0800200C9A66}.Release|Linux.Build.0 = Debug|Any CPU
		{543B2F90-CA56-11E3-9C1A-0800200C9A66}.Release|Mac.ActiveCfg = Release|Any CPU
		{543B2F90-CA56-11E3-9C1A-0800200C9A66}.Release|Mac.Build.0 = Release|Any CPU
		{543B2F90-CA56-11E3-9C1A-0800200C9A66}.Release|Windows.ActiveCfg = Release|Any CPU
		{543B2F90-CA56-11E3-9C1A-0800200C9A66}.Release|Windows.Build.0 = Release|Any CPU
		{63137FA0-CA55-11E3-9C1A-0800200C9A66}.Debug|Linux.ActiveCfg = Debug|Any CPU
		{63137FA0-CA55-11E3-9C1A-0800200C9A66}.Debug|Mac.ActiveCfg = Debug|Any CPU
		{63137FA0-CA55-11E3-9C1A-0800200C9A66}.Debug|Windows.ActiveCfg = Debug|Any CPU
		{63137FA0-CA55-11E3-9C1A-0800200C9A66}.Debug|Windows.Build.0 = Debug|Any CPU
		{63137FA0-CA55-11E3-9C1A-0800200C9A66}.Release|Linux.ActiveCfg = Release|Any CPU
		{63137FA0-CA55-11E3-9C1A-0800200C9A66}.Release|Mac.ActiveCfg = Release|Any CPU
		{63137FA0-CA55-11E3-9C1A-0800200C9A66}.Release|Windows.ActiveCfg = Release|Any CPU
		{63137FA0-CA55-11E3-9C1A-0800200C9A66}.Release|Windows.Build.0 = Release|Any CPU
		{80915A80-CA54-11E3-9C1A-0800200C9A66}.Debug|Linux.ActiveCfg = Debug|Any CPU
		{80915A80-CA54-11E3-9C1A-0800200C9A66}.Debug|Linux.Build.0 = Debug|Any CPU
		{80915A80-CA54-11E3-9C1A-0800200C9A66}.Debug|Mac.ActiveCfg = Debug|Any CPU
		{80915A80-CA54-11E3-9C1A-0800200C9A66}.Debug|Mac.Build.0 = Debug|Any CPU
		{80915A80-CA54-11E3-9C1A-0800200C9A66}.Debug|Windows.ActiveCfg = Debug|Any CPU
		{80915A80-CA54-11E3-9C1A-0800200C9A66}.Debug|Windows.Build.0 = Debug|Any CPU
		{80915A80-CA54-11E3-9C1A-0800200C9A66}.Release|Linux.ActiveCfg = Release|Any CPU
		{80915A80-CA54-11E3-9C1A-0800200C9A66}.Release|Linux.Build.0 = Release|Any CPU
		{80915A80-CA54-11E3-9C1A-0800200C9A66}.Release|Mac.ActiveCfg = Release|Any CPU
		{80915A80-CA54-11E3-9C1A-0800200C9A66}.Release|Mac.Build.0 = Release|Any CPU
		{80915A80-CA54-11E3-9C1A-0800200C9A66}.Release|Windows.ActiveCfg = Release|Any CPU
		{80915A80-CA54-11E3-9C1A-0800200C9A66}.Release|Windows.Build.0 = Release|Any CPU
		{9CEE7E60-C9EB-11E3-9C1A-0800200C9A66}.Debug|Linux.ActiveCfg = Debug|Any CPU
		{9CEE7E60-C9EB-11E3-9C1A-0800200C9A66}.Debug|Mac.ActiveCfg = Debug|Any CPU
		{9CEE7E60-C9EB-11E3-9C1A-0800200C9A66}.Debug|Mac.Build.0 = Debug|Any CPU
		{9CEE7E60-C9EB-11E3-9C1A-0800200C9A66}.Debug|Windows.ActiveCfg = Debug|Any CPU
		{9CEE7E60-C9EB-11E3-9C1A-0800200C9A66}.Release|Linux.ActiveCfg = Release|Any CPU
		{9CEE7E60-C9EB-11E3-9C1A-0800200C9A66}.Release|Mac.ActiveCfg = Release|Any CPU
		{9CEE7E60-C9EB-11E3-9C1A-0800200C9A66}.Release|Mac.Build.0 = Release|Any CPU
		{9CEE7E60-C9EB-11E3-9C1A-0800200C9A66}.Release|Windows.ActiveCfg = Release|Any CPU
		{9F51798A-354C-47A1-9207-4BB7D7FC7FC4}.Debug|Linux.ActiveCfg = Debug|Any CPU
		{9F51798A-354C-47A1-9207-4BB7D7FC7FC4}.Debug|Linux.Build.0 = Debug|Any CPU
		{9F51798A-354C-47A1-9207-4BB7D7FC7FC4}.Debug|Mac.ActiveCfg = Debug|Any CPU
		{9F51798A-354C-47A1-9207-4BB7D7FC7FC4}.Debug|Mac.Build.0 = Debug|Any CPU
		{9F51798A-354C-47A1-9207-4BB7D7FC7FC4}.Debug|Windows.ActiveCfg = Debug|Any CPU
		{9F51798A-354C-47A1-9207-4BB7D7FC7FC4}.Debug|Windows.Build.0 = Debug|Any CPU
		{9F51798A-354C-47A1-9207-4BB7D7FC7FC4}.Release|Linux.ActiveCfg = Release|Any CPU
		{9F51798A-354C-47A1-9207-4BB7D7FC7FC4}.Release|Linux.Build.0 = Release|Any CPU
		{9F51798A-354C-47A1-9207-4BB7D7FC7FC4}.Release|Mac.ActiveCfg = Release|Any CPU
		{9F51798A-354C-47A1-9207-4BB7D7FC7FC4}.Release|Mac.Build.0 = Release|Any CPU
		{9F51798A-354C-47A1-9207-4BB7D7FC7FC4}.Release|Windows.ActiveCfg = Release|Any CPU
		{9F51798A-354C-47A1-9207-4BB7D7FC7FC4}.Release|Windows.Build.0 = Release|Any CPU
		{A4267C50-C9EB-11E3-9C1A-0800200C9A66}.Debug|Linux.ActiveCfg = Debug|Any CPU
		{A4267C50-C9EB-11E3-9C1A-0800200C9A66}.Debug|Mac.ActiveCfg = Debug|Any CPU
		{A4267C50-C9EB-11E3-9C1A-0800200C9A66}.Debug|Mac.Build.0 = Debug|Any CPU
		{A4267C50-C9EB-11E3-9C1A-0800200C9A66}.Debug|Windows.ActiveCfg = Debug|Any CPU
		{A4267C50-C9EB-11E3-9C1A-0800200C9A66}.Release|Linux.ActiveCfg = Release|Any CPU
		{A4267C50-C9EB-11E3-9C1A-0800200C9A66}.Release|Mac.ActiveCfg = Release|Any CPU
		{A4267C50-C9EB-11E3-9C1A-0800200C9A66}.Release|Mac.Build.0 = Release|Any CPU
		{A4267C50-C9EB-11E3-9C1A-0800200C9A66}.Release|Windows.ActiveCfg = Release|Any CPU
		{BF405A10-C9EB-11E3-9C1A-0800200C9A66}.Debug|Linux.ActiveCfg = Debug|Any CPU
		{BF405A10-C9EB-11E3-9C1A-0800200C9A66}.Debug|Mac.ActiveCfg = Debug|Any CPU
		{BF405A10-C9EB-11E3-9C1A-0800200C9A66}.Debug|Mac.Build.0 = Debug|Any CPU
		{BF405A10-C9EB-11E3-9C1A-0800200C9A66}.Debug|Windows.ActiveCfg = Debug|Any CPU
		{BF405A10-C9EB-11E3-9C1A-0800200C9A66}.Release|Linux.ActiveCfg = Release|Any CPU
		{BF405A10-C9EB-11E3-9C1A-0800200C9A66}.Release|Mac.ActiveCfg = Release|Any CPU
		{BF405A10-C9EB-11E3-9C1A-0800200C9A66}.Release|Mac.Build.0 = Release|Any CPU
		{BF405A10-C9EB-11E3-9C1A-0800200C9A66}.Release|Windows.ActiveCfg = Release|Any CPU
		{CC33FE70-CA54-11E3-9C1A-0800200C9A66}.Debug|Linux.ActiveCfg = Debug|x86
		{CC33FE70-CA54-11E3-9C1A-0800200C9A66}.Debug|Linux.Build.0 = Debug|x86
		{CC33FE70-CA54-11E3-9C1A-0800200C9A66}.Debug|Mac.ActiveCfg = Debug|x86
		{CC33FE70-CA54-11E3-9C1A-0800200C9A66}.Debug|Mac.Build.0 = Debug|x86
		{CC33FE70-CA54-11E3-9C1A-0800200C9A66}.Debug|Windows.ActiveCfg = Debug|x86
		{CC33FE70-CA54-11E3-9C1A-0800200C9A66}.Debug|Windows.Build.0 = Debug|x86
		{CC33FE70-CA54-11E3-9C1A-0800200C9A66}.Release|Linux.ActiveCfg = Release|x86
		{CC33FE70-CA54-11E3-9C1A-0800200C9A66}.Release|Linux.Build.0 = Release|x86
		{CC33FE70-CA54-11E3-9C1A-0800200C9A66}.Release|Mac.ActiveCfg = Release|x86
		{CC33FE70-CA54-11E3-9C1A-0800200C9A66}.Release|Mac.Build.0 = Release|x86
		{CC33FE70-CA54-11E3-9C1A-0800200C9A66}.Release|Windows.ActiveCfg = Release|x86
		{CC33FE70-CA54-11E3-9C1A-0800200C9A66}.Release|Windows.Build.0 = Release|x86
		{CF18B0BB-2C60-437F-8AA3-711ABAE11A91}.Debug|Linux.ActiveCfg = Debug|Any CPU
		{CF18B0BB-2C60-437F-8AA3-711ABAE11A91}.Debug|Linux.Build.0 = Debug|Any CPU
		{CF18B0BB-2C60-437F-8AA3-711ABAE11A91}.Debug|Mac.ActiveCfg = Debug|Any CPU
		{CF18B0BB-2C60-437F-8AA3-711ABAE11A91}.Debug|Mac.Build.0 = Debug|Any CPU
		{CF18B0BB-2C60-437F-8AA3-711ABAE11A91}.Debug|Windows.ActiveCfg = Debug|Any CPU
		{CF18B0BB-2C60-437F-8AA3-711ABAE11A91}.Debug|Windows.Build.0 = Debug|Any CPU
		{CF18B0BB-2C60-437F-8AA3-711ABAE11A91}.Release|Linux.ActiveCfg = Release|Any CPU
		{CF18B0BB-2C60-437F-8AA3-711ABAE11A91}.Release|Linux.Build.0 = Release|Any CPU
		{CF18B0BB-2C60-437F-8AA3-711ABAE11A91}.Release|Mac.ActiveCfg = Release|Any CPU
		{CF18B0BB-2C60-437F-8AA3-711ABAE11A91}.Release|Mac.Build.0 = Release|Any CPU
		{CF18B0BB-2C60-437F-8AA3-711ABAE11A91}.Release|Windows.ActiveCfg = Release|Any CPU
		{CF18B0BB-2C60-437F-8AA3-711ABAE11A91}.Release|Windows.Build.0 = Release|Any CPU
		{D70E9E90-CA54-11E3-9C1A-0800200C9A66}.Debug|Linux.ActiveCfg = Debug|Any CPU
		{D70E9E90-CA54-11E3-9C1A-0800200C9A66}.Debug|Linux.Build.0 = Debug|Any CPU
		{D70E9E90-CA54-11E3-9C1A-0800200C9A66}.Debug|Mac.ActiveCfg = Debug|Any CPU
		{D70E9E90-CA54-11E3-9C1A-0800200C9A66}.Debug|Mac.Build.0 = Debug|Any CPU
		{D70E9E90-CA54-11E3-9C1A-0800200C9A66}.Debug|Windows.ActiveCfg = Debug|Any CPU
		{D70E9E90-CA54-11E3-9C1A-0800200C9A66}.Debug|Windows.Build.0 = Debug|Any CPU
		{D70E9E90-CA54-11E3-9C1A-0800200C9A66}.Release|Linux.ActiveCfg = Release|Any CPU
		{D70E9E90-CA54-11E3-9C1A-0800200C9A66}.Release|Linux.Build.0 = Release|Any CPU
		{D70E9E90-CA54-11E3-9C1A-0800200C9A66}.Release|Mac.ActiveCfg = Release|Any CPU
		{D70E9E90-CA54-11E3-9C1A-0800200C9A66}.Release|Mac.Build.0 = Release|Any CPU
		{D70E9E90-CA54-11E3-9C1A-0800200C9A66}.Release|Windows.ActiveCfg = Release|Any CPU
		{D70E9E90-CA54-11E3-9C1A-0800200C9A66}.Release|Windows.Build.0 = Release|Any CPU
		{DD0C2B40-CA55-11E3-9C1A-0800200C9A66}.Debug|Linux.ActiveCfg = Debug|Any CPU
		{DD0C2B40-CA55-11E3-9C1A-0800200C9A66}.Debug|Mac.ActiveCfg = Debug|Any CPU
		{DD0C2B40-CA55-11E3-9C1A-0800200C9A66}.Debug|Windows.ActiveCfg = Debug|Any CPU
		{DD0C2B40-CA55-11E3-9C1A-0800200C9A66}.Debug|Windows.Build.0 = Debug|Any CPU
		{DD0C2B40-CA55-11E3-9C1A-0800200C9A66}.Release|Linux.ActiveCfg = Release|Any CPU
		{DD0C2B40-CA55-11E3-9C1A-0800200C9A66}.Release|Mac.ActiveCfg = Release|Any CPU
		{DD0C2B40-CA55-11E3-9C1A-0800200C9A66}.Release|Windows.ActiveCfg = Release|Any CPU
		{DD0C2B40-CA55-11E3-9C1A-0800200C9A66}.Release|Windows.Build.0 = Release|Any CPU
		{EB9C0A22-6644-46E4-948C-F7C95E1F8CE1}.Debug|Linux.ActiveCfg = Debug|Any CPU
		{EB9C0A22-6644-46E4-948C-F7C95E1F8CE1}.Debug|Linux.Build.0 = Debug|Any CPU
		{EB9C0A22-6644-46E4-948C-F7C95E1F8CE1}.Debug|Mac.ActiveCfg = Debug|Any CPU
		{EB9C0A22-6644-46E4-948C-F7C95E1F8CE1}.Debug|Mac.Build.0 = Debug|Any CPU
		{EB9C0A22-6644-46E4-948C-F7C95E1F8CE1}.Debug|Windows.ActiveCfg = Debug|Any CPU
		{EB9C0A22-6644-46E4-948C-F7C95E1F8CE1}.Debug|Windows.Build.0 = Debug|Any CPU
		{EB9C0A22-6644-46E4-948C-F7C95E1F8CE1}.Release|Linux.ActiveCfg = Release|Any CPU
		{EB9C0A22-6644-46E4-948C-F7C95E1F8CE1}.Release|Linux.Build.0 = Release|Any CPU
		{EB9C0A22-6644-46E4-948C-F7C95E1F8CE1}.Release|Mac.ActiveCfg = Release|Any CPU
		{EB9C0A22-6644-46E4-948C-F7C95E1F8CE1}.Release|Mac.Build.0 = Release|Any CPU
		{EB9C0A22-6644-46E4-948C-F7C95E1F8CE1}.Release|Windows.ActiveCfg = Release|Any CPU
		{EB9C0A22-6644-46E4-948C-F7C95E1F8CE1}.Release|Windows.Build.0 = Release|Any CPU
	EndGlobalSection
	GlobalSection(MonoDevelopProperties) = preSolution
		StartupItem = Eto.Test\Eto.Test.Mac\Eto.Test.Mac - Pcl.csproj
	EndGlobalSection
	GlobalSection(SolutionProperties) = preSolution
		HideSolutionNode = FALSE
	EndGlobalSection
EndGlobal
