
Microsoft Visual Studio Solution File, Format Version 12.00
# Visual Studio 2012
Project("{FAE04EC0-301F-11D3-BF4B-00C04F79EFBC}") = "Eto.Pcl", "Eto\Eto.Pcl.csproj", "{35EF0A4E-2A1A-492C-8BED-106774EA09F2}"
EndProject
Project("{FAE04EC0-301F-11D3-BF4B-00C04F79EFBC}") = "Eto.Json.Pcl", "Eto.Json\Eto.Json.Pcl.csproj", "{3F8178EF-0710-43F7-92E2-130B9BE2212D}"
EndProject
Project("{FAE04EC0-301F-11D3-BF4B-00C04F79EFBC}") = "Eto.Platform.Direct2D.Pcl", "Eto.Platform.Direct2D\Eto.Platform.Direct2D.Pcl.csproj", "{330EF9FD-5947-4AC9-9796-950C7633695F}"
EndProject
Project("{FAE04EC0-301F-11D3-BF4B-00C04F79EFBC}") = "Eto.Platform.Windows.Pcl", "Eto.Platform.Windows\Eto.Platform.Windows.Pcl.csproj", "{9F51798A-354C-47A1-9207-4BB7D7FC7FC4}"
EndProject
Project("{FAE04EC0-301F-11D3-BF4B-00C04F79EFBC}") = "Eto.Test.Pcl", "Eto.Test\Eto.Test\Eto.Test.Pcl.csproj", "{EB9C0A22-6644-46E4-948C-F7C95E1F8CE1}"
EndProject
Project("{FAE04EC0-301F-11D3-BF4B-00C04F79EFBC}") = "Eto.Test.WinForms.Pcl", "Eto.Test\Eto.Test.WinForms\Eto.Test.WinForms.Pcl.csproj", "{CF18B0BB-2C60-437F-8AA3-711ABAE11A91}"
EndProject
Global
	GlobalSection(SolutionConfigurationPlatforms) = preSolution
		Debug|Android = Debug|Android
		Debug|Any CPU = Debug|Any CPU
		Debug|iPhone = Debug|iPhone
		Debug|iPhoneSimulator = Debug|iPhoneSimulator
		Debug|Mac = Debug|Mac
		Debug|x86 = Debug|x86
		Release|Android = Release|Android
		Release|Any CPU = Release|Any CPU
		Release|iPhone = Release|iPhone
		Release|iPhoneSimulator = Release|iPhoneSimulator
		Release|Mac = Release|Mac
		Release|x86 = Release|x86
	EndGlobalSection
	GlobalSection(ProjectConfigurationPlatforms) = postSolution
		{35EF0A4E-2A1A-492C-8BED-106774EA09F2}.Debug|Android.ActiveCfg = Debug|Any CPU
		{35EF0A4E-2A1A-492C-8BED-106774EA09F2}.Debug|Any CPU.ActiveCfg = Debug|Any CPU
		{35EF0A4E-2A1A-492C-8BED-106774EA09F2}.Debug|Any CPU.Build.0 = Debug|Any CPU
		{35EF0A4E-2A1A-492C-8BED-106774EA09F2}.Debug|iPhone.ActiveCfg = Debug|Any CPU
		{35EF0A4E-2A1A-492C-8BED-106774EA09F2}.Debug|iPhoneSimulator.ActiveCfg = Debug|Any CPU
		{35EF0A4E-2A1A-492C-8BED-106774EA09F2}.Debug|Mac.ActiveCfg = Debug|Any CPU
		{35EF0A4E-2A1A-492C-8BED-106774EA09F2}.Debug|x86.ActiveCfg = Debug|Any CPU
		{35EF0A4E-2A1A-492C-8BED-106774EA09F2}.Release|Android.ActiveCfg = Release|Any CPU
		{35EF0A4E-2A1A-492C-8BED-106774EA09F2}.Release|Any CPU.ActiveCfg = Release|Any CPU
		{35EF0A4E-2A1A-492C-8BED-106774EA09F2}.Release|Any CPU.Build.0 = Release|Any CPU
		{35EF0A4E-2A1A-492C-8BED-106774EA09F2}.Release|iPhone.ActiveCfg = Release|Any CPU
		{35EF0A4E-2A1A-492C-8BED-106774EA09F2}.Release|iPhoneSimulator.ActiveCfg = Release|Any CPU
		{35EF0A4E-2A1A-492C-8BED-106774EA09F2}.Release|Mac.ActiveCfg = Release|Any CPU
		{35EF0A4E-2A1A-492C-8BED-106774EA09F2}.Release|x86.ActiveCfg = Release|Any CPU
		{3F8178EF-0710-43F7-92E2-130B9BE2212D}.Debug|Android.ActiveCfg = Debug|Android
		{3F8178EF-0710-43F7-92E2-130B9BE2212D}.Debug|Android.Build.0 = Debug|Android
		{3F8178EF-0710-43F7-92E2-130B9BE2212D}.Debug|Any CPU.ActiveCfg = Debug|Any CPU
		{3F8178EF-0710-43F7-92E2-130B9BE2212D}.Debug|Any CPU.Build.0 = Debug|Any CPU
		{3F8178EF-0710-43F7-92E2-130B9BE2212D}.Debug|iPhone.ActiveCfg = Debug|iPhone
		{3F8178EF-0710-43F7-92E2-130B9BE2212D}.Debug|iPhone.Build.0 = Debug|iPhone
		{3F8178EF-0710-43F7-92E2-130B9BE2212D}.Debug|iPhoneSimulator.ActiveCfg = Debug|iPhoneSimulator
		{3F8178EF-0710-43F7-92E2-130B9BE2212D}.Debug|iPhoneSimulator.Build.0 = Debug|iPhoneSimulator
		{3F8178EF-0710-43F7-92E2-130B9BE2212D}.Debug|Mac.ActiveCfg = Debug|Mac
		{3F8178EF-0710-43F7-92E2-130B9BE2212D}.Debug|Mac.Build.0 = Debug|Mac
		{3F8178EF-0710-43F7-92E2-130B9BE2212D}.Debug|x86.ActiveCfg = Debug|x86
		{3F8178EF-0710-43F7-92E2-130B9BE2212D}.Debug|x86.Build.0 = Debug|x86
		{3F8178EF-0710-43F7-92E2-130B9BE2212D}.Release|Android.ActiveCfg = Release|Android
		{3F8178EF-0710-43F7-92E2-130B9BE2212D}.Release|Android.Build.0 = Release|Android
		{3F8178EF-0710-43F7-92E2-130B9BE2212D}.Release|Any CPU.ActiveCfg = Release|Any CPU
		{3F8178EF-0710-43F7-92E2-130B9BE2212D}.Release|Any CPU.Build.0 = Release|Any CPU
		{3F8178EF-0710-43F7-92E2-130B9BE2212D}.Release|iPhone.ActiveCfg = Release|iPhone
		{3F8178EF-0710-43F7-92E2-130B9BE2212D}.Release|iPhone.Build.0 = Release|iPhone
		{3F8178EF-0710-43F7-92E2-130B9BE2212D}.Release|iPhoneSimulator.ActiveCfg = Release|iPhoneSimulator
		{3F8178EF-0710-43F7-92E2-130B9BE2212D}.Release|iPhoneSimulator.Build.0 = Release|iPhoneSimulator
		{3F8178EF-0710-43F7-92E2-130B9BE2212D}.Release|Mac.ActiveCfg = Release|Mac
		{3F8178EF-0710-43F7-92E2-130B9BE2212D}.Release|Mac.Build.0 = Release|Mac
		{3F8178EF-0710-43F7-92E2-130B9BE2212D}.Release|x86.ActiveCfg = Release|x86
		{3F8178EF-0710-43F7-92E2-130B9BE2212D}.Release|x86.Build.0 = Release|x86
		{330EF9FD-5947-4AC9-9796-950C7633695F}.Debug|Android.ActiveCfg = Debug|Android
		{330EF9FD-5947-4AC9-9796-950C7633695F}.Debug|Android.Build.0 = Debug|Android
		{330EF9FD-5947-4AC9-9796-950C7633695F}.Debug|Any CPU.ActiveCfg = Debug|Any CPU
		{330EF9FD-5947-4AC9-9796-950C7633695F}.Debug|Any CPU.Build.0 = Debug|Any CPU
		{330EF9FD-5947-4AC9-9796-950C7633695F}.Debug|iPhone.ActiveCfg = Debug|iPhone
		{330EF9FD-5947-4AC9-9796-950C7633695F}.Debug|iPhone.Build.0 = Debug|iPhone
		{330EF9FD-5947-4AC9-9796-950C7633695F}.Debug|iPhoneSimulator.ActiveCfg = Debug|iPhoneSimulator
		{330EF9FD-5947-4AC9-9796-950C7633695F}.Debug|iPhoneSimulator.Build.0 = Debug|iPhoneSimulator
		{330EF9FD-5947-4AC9-9796-950C7633695F}.Debug|Mac.ActiveCfg = Debug|Mac
		{330EF9FD-5947-4AC9-9796-950C7633695F}.Debug|Mac.Build.0 = Debug|Mac
		{330EF9FD-5947-4AC9-9796-950C7633695F}.Debug|x86.ActiveCfg = Debug|x86
		{330EF9FD-5947-4AC9-9796-950C7633695F}.Debug|x86.Build.0 = Debug|x86
		{330EF9FD-5947-4AC9-9796-950C7633695F}.Release|Android.ActiveCfg = Release|Android
		{330EF9FD-5947-4AC9-9796-950C7633695F}.Release|Android.Build.0 = Release|Android
		{330EF9FD-5947-4AC9-9796-950C7633695F}.Release|Any CPU.ActiveCfg = Release|Any CPU
		{330EF9FD-5947-4AC9-9796-950C7633695F}.Release|Any CPU.Build.0 = Release|Any CPU
		{330EF9FD-5947-4AC9-9796-950C7633695F}.Release|iPhone.ActiveCfg = Release|iPhone
		{330EF9FD-5947-4AC9-9796-950C7633695F}.Release|iPhone.Build.0 = Release|iPhone
		{330EF9FD-5947-4AC9-9796-950C7633695F}.Release|iPhoneSimulator.ActiveCfg = Release|iPhoneSimulator
		{330EF9FD-5947-4AC9-9796-950C7633695F}.Release|iPhoneSimulator.Build.0 = Release|iPhoneSimulator
		{330EF9FD-5947-4AC9-9796-950C7633695F}.Release|Mac.ActiveCfg = Release|Mac
		{330EF9FD-5947-4AC9-9796-950C7633695F}.Release|Mac.Build.0 = Release|Mac
		{330EF9FD-5947-4AC9-9796-950C7633695F}.Release|x86.ActiveCfg = Release|x86
		{330EF9FD-5947-4AC9-9796-950C7633695F}.Release|x86.Build.0 = Release|x86
		{9F51798A-354C-47A1-9207-4BB7D7FC7FC4}.Debug|Android.ActiveCfg = Debug|Android
		{9F51798A-354C-47A1-9207-4BB7D7FC7FC4}.Debug|Android.Build.0 = Debug|Android
		{9F51798A-354C-47A1-9207-4BB7D7FC7FC4}.Debug|Any CPU.ActiveCfg = Debug|Any CPU
		{9F51798A-354C-47A1-9207-4BB7D7FC7FC4}.Debug|Any CPU.Build.0 = Debug|Any CPU
		{9F51798A-354C-47A1-9207-4BB7D7FC7FC4}.Debug|iPhone.ActiveCfg = Debug|iPhone
		{9F51798A-354C-47A1-9207-4BB7D7FC7FC4}.Debug|iPhone.Build.0 = Debug|iPhone
		{9F51798A-354C-47A1-9207-4BB7D7FC7FC4}.Debug|iPhoneSimulator.ActiveCfg = Debug|iPhoneSimulator
		{9F51798A-354C-47A1-9207-4BB7D7FC7FC4}.Debug|iPhoneSimulator.Build.0 = Debug|iPhoneSimulator
		{9F51798A-354C-47A1-9207-4BB7D7FC7FC4}.Debug|Mac.ActiveCfg = Debug|Mac
		{9F51798A-354C-47A1-9207-4BB7D7FC7FC4}.Debug|Mac.Build.0 = Debug|Mac
		{9F51798A-354C-47A1-9207-4BB7D7FC7FC4}.Debug|x86.ActiveCfg = Debug|x86
		{9F51798A-354C-47A1-9207-4BB7D7FC7FC4}.Debug|x86.Build.0 = Debug|x86
		{9F51798A-354C-47A1-9207-4BB7D7FC7FC4}.Release|Android.ActiveCfg = Release|Android
		{9F51798A-354C-47A1-9207-4BB7D7FC7FC4}.Release|Android.Build.0 = Release|Android
		{9F51798A-354C-47A1-9207-4BB7D7FC7FC4}.Release|Any CPU.ActiveCfg = Release|Any CPU
		{9F51798A-354C-47A1-9207-4BB7D7FC7FC4}.Release|Any CPU.Build.0 = Release|Any CPU
		{9F51798A-354C-47A1-9207-4BB7D7FC7FC4}.Release|iPhone.ActiveCfg = Release|iPhone
		{9F51798A-354C-47A1-9207-4BB7D7FC7FC4}.Release|iPhone.Build.0 = Release|iPhone
		{9F51798A-354C-47A1-9207-4BB7D7FC7FC4}.Release|iPhoneSimulator.ActiveCfg = Release|iPhoneSimulator
		{9F51798A-354C-47A1-9207-4BB7D7FC7FC4}.Release|iPhoneSimulator.Build.0 = Release|iPhoneSimulator
		{9F51798A-354C-47A1-9207-4BB7D7FC7FC4}.Release|Mac.ActiveCfg = Release|Mac
		{9F51798A-354C-47A1-9207-4BB7D7FC7FC4}.Release|Mac.Build.0 = Release|Mac
		{9F51798A-354C-47A1-9207-4BB7D7FC7FC4}.Release|x86.ActiveCfg = Release|x86
		{9F51798A-354C-47A1-9207-4BB7D7FC7FC4}.Release|x86.Build.0 = Release|x86
		{EB9C0A22-6644-46E4-948C-F7C95E1F8CE1}.Debug|Android.ActiveCfg = Debug|Android
		{EB9C0A22-6644-46E4-948C-F7C95E1F8CE1}.Debug|Android.Build.0 = Debug|Android
		{EB9C0A22-6644-46E4-948C-F7C95E1F8CE1}.Debug|Any CPU.ActiveCfg = Debug|Any CPU
		{EB9C0A22-6644-46E4-948C-F7C95E1F8CE1}.Debug|Any CPU.Build.0 = Debug|Any CPU
		{EB9C0A22-6644-46E4-948C-F7C95E1F8CE1}.Debug|iPhone.ActiveCfg = Debug|iPhone
		{EB9C0A22-6644-46E4-948C-F7C95E1F8CE1}.Debug|iPhone.Build.0 = Debug|iPhone
		{EB9C0A22-6644-46E4-948C-F7C95E1F8CE1}.Debug|iPhoneSimulator.ActiveCfg = Debug|iPhoneSimulator
		{EB9C0A22-6644-46E4-948C-F7C95E1F8CE1}.Debug|iPhoneSimulator.Build.0 = Debug|iPhoneSimulator
		{EB9C0A22-6644-46E4-948C-F7C95E1F8CE1}.Debug|Mac.ActiveCfg = Debug|Mac
		{EB9C0A22-6644-46E4-948C-F7C95E1F8CE1}.Debug|Mac.Build.0 = Debug|Mac
		{EB9C0A22-6644-46E4-948C-F7C95E1F8CE1}.Debug|x86.ActiveCfg = Debug|x86
		{EB9C0A22-6644-46E4-948C-F7C95E1F8CE1}.Debug|x86.Build.0 = Debug|x86
		{EB9C0A22-6644-46E4-948C-F7C95E1F8CE1}.Release|Android.ActiveCfg = Release|Android
		{EB9C0A22-6644-46E4-948C-F7C95E1F8CE1}.Release|Android.Build.0 = Release|Android
		{EB9C0A22-6644-46E4-948C-F7C95E1F8CE1}.Release|Any CPU.ActiveCfg = Release|Any CPU
		{EB9C0A22-6644-46E4-948C-F7C95E1F8CE1}.Release|Any CPU.Build.0 = Release|Any CPU
		{EB9C0A22-6644-46E4-948C-F7C95E1F8CE1}.Release|iPhone.ActiveCfg = Release|iPhone
		{EB9C0A22-6644-46E4-948C-F7C95E1F8CE1}.Release|iPhone.Build.0 = Release|iPhone
		{EB9C0A22-6644-46E4-948C-F7C95E1F8CE1}.Release|iPhoneSimulator.ActiveCfg = Release|iPhoneSimulator
		{EB9C0A22-6644-46E4-948C-F7C95E1F8CE1}.Release|iPhoneSimulator.Build.0 = Release|iPhoneSimulator
		{EB9C0A22-6644-46E4-948C-F7C95E1F8CE1}.Release|Mac.ActiveCfg = Release|Mac
		{EB9C0A22-6644-46E4-948C-F7C95E1F8CE1}.Release|Mac.Build.0 = Release|Mac
		{EB9C0A22-6644-46E4-948C-F7C95E1F8CE1}.Release|x86.ActiveCfg = Release|x86
		{EB9C0A22-6644-46E4-948C-F7C95E1F8CE1}.Release|x86.Build.0 = Release|x86
		{CF18B0BB-2C60-437F-8AA3-711ABAE11A91}.Debug|Android.ActiveCfg = Debug|Android
		{CF18B0BB-2C60-437F-8AA3-711ABAE11A91}.Debug|Android.Build.0 = Debug|Android
		{CF18B0BB-2C60-437F-8AA3-711ABAE11A91}.Debug|Any CPU.ActiveCfg = Debug|Any CPU
		{CF18B0BB-2C60-437F-8AA3-711ABAE11A91}.Debug|Any CPU.Build.0 = Debug|Any CPU
		{CF18B0BB-2C60-437F-8AA3-711ABAE11A91}.Debug|iPhone.ActiveCfg = Debug|iPhone
		{CF18B0BB-2C60-437F-8AA3-711ABAE11A91}.Debug|iPhone.Build.0 = Debug|iPhone
		{CF18B0BB-2C60-437F-8AA3-711ABAE11A91}.Debug|iPhoneSimulator.ActiveCfg = Debug|iPhoneSimulator
		{CF18B0BB-2C60-437F-8AA3-711ABAE11A91}.Debug|iPhoneSimulator.Build.0 = Debug|iPhoneSimulator
		{CF18B0BB-2C60-437F-8AA3-711ABAE11A91}.Debug|Mac.ActiveCfg = Debug|Mac
		{CF18B0BB-2C60-437F-8AA3-711ABAE11A91}.Debug|Mac.Build.0 = Debug|Mac
		{CF18B0BB-2C60-437F-8AA3-711ABAE11A91}.Debug|x86.ActiveCfg = Debug|x86
		{CF18B0BB-2C60-437F-8AA3-711ABAE11A91}.Debug|x86.Build.0 = Debug|x86
		{CF18B0BB-2C60-437F-8AA3-711ABAE11A91}.Release|Android.ActiveCfg = Release|Android
		{CF18B0BB-2C60-437F-8AA3-711ABAE11A91}.Release|Android.Build.0 = Release|Android
		{CF18B0BB-2C60-437F-8AA3-711ABAE11A91}.Release|Any CPU.ActiveCfg = Release|Any CPU
		{CF18B0BB-2C60-437F-8AA3-711ABAE11A91}.Release|Any CPU.Build.0 = Release|Any CPU
		{CF18B0BB-2C60-437F-8AA3-711ABAE11A91}.Release|iPhone.ActiveCfg = Release|iPhone
		{CF18B0BB-2C60-437F-8AA3-711ABAE11A91}.Release|iPhone.Build.0 = Release|iPhone
		{CF18B0BB-2C60-437F-8AA3-711ABAE11A91}.Release|iPhoneSimulator.ActiveCfg = Release|iPhoneSimulator
		{CF18B0BB-2C60-437F-8AA3-711ABAE11A91}.Release|iPhoneSimulator.Build.0 = Release|iPhoneSimulator
		{CF18B0BB-2C60-437F-8AA3-711ABAE11A91}.Release|Mac.ActiveCfg = Release|Mac
		{CF18B0BB-2C60-437F-8AA3-711ABAE11A91}.Release|Mac.Build.0 = Release|Mac
		{CF18B0BB-2C60-437F-8AA3-711ABAE11A91}.Release|x86.ActiveCfg = Release|x86
		{CF18B0BB-2C60-437F-8AA3-711ABAE11A91}.Release|x86.Build.0 = Release|x86
	EndGlobalSection
	GlobalSection(SolutionProperties) = preSolution
		HideSolutionNode = FALSE
	EndGlobalSection
EndGlobal
